// !$*UTF8*$!
{
	archiveVersion = 1;
	classes = {
	};
	objectVersion = 51;
	objects = {

/* Begin PBXBuildFile section */
		6EF5E177250A0CB7004CCE87 /* AppDelegate.swift in Sources */ = {isa = PBXBuildFile; fileRef = 6EF5E176250A0CB7004CCE87 /* AppDelegate.swift */; };
		6EF5E179250A0CB7004CCE87 /* SceneDelegate.swift in Sources */ = {isa = PBXBuildFile; fileRef = 6EF5E178250A0CB7004CCE87 /* SceneDelegate.swift */; };
		6EF5E17B250A0CB7004CCE87 /* ViewController.swift in Sources */ = {isa = PBXBuildFile; fileRef = 6EF5E17A250A0CB7004CCE87 /* ViewController.swift */; };
		6EF5E1AC250A12ED004CCE87 /* LaunchScreen.storyboard in Resources */ = {isa = PBXBuildFile; fileRef = 6EF5E195250A12EC004CCE87 /* LaunchScreen.storyboard */; };
		6EF5E1AD250A12ED004CCE87 /* Assets.xcassets in Resources */ = {isa = PBXBuildFile; fileRef = 6EF5E198250A12EC004CCE87 /* Assets.xcassets */; };
		6EF5E1AE250A12ED004CCE87 /* UIGestureRecognizerExt.swift in Sources */ = {isa = PBXBuildFile; fileRef = 6EF5E19B250A12ED004CCE87 /* UIGestureRecognizerExt.swift */; };
		6EF5E1AF250A12ED004CCE87 /* UITableViewExt.swift in Sources */ = {isa = PBXBuildFile; fileRef = 6EF5E19C250A12ED004CCE87 /* UITableViewExt.swift */; };
		6EF5E1B0250A12ED004CCE87 /* Ratio.swift in Sources */ = {isa = PBXBuildFile; fileRef = 6EF5E19D250A12ED004CCE87 /* Ratio.swift */; };
		6EF5E1B2250A12ED004CCE87 /* UINavigationItemExt.swift in Sources */ = {isa = PBXBuildFile; fileRef = 6EF5E19F250A12ED004CCE87 /* UINavigationItemExt.swift */; };
		6EF5E1B3250A12ED004CCE87 /* UIColorExt.swift in Sources */ = {isa = PBXBuildFile; fileRef = 6EF5E1A0250A12ED004CCE87 /* UIColorExt.swift */; };
		6EF5E1B4250A12ED004CCE87 /* StringExt.swift in Sources */ = {isa = PBXBuildFile; fileRef = 6EF5E1A1250A12ED004CCE87 /* StringExt.swift */; };
		6EF5E1B5250A12ED004CCE87 /* DictionaryExt.swift in Sources */ = {isa = PBXBuildFile; fileRef = 6EF5E1A2250A12ED004CCE87 /* DictionaryExt.swift */; };
		6EF5E1B6250A12ED004CCE87 /* NSDataExt.swift in Sources */ = {isa = PBXBuildFile; fileRef = 6EF5E1A3250A12ED004CCE87 /* NSDataExt.swift */; };
		6EF5E1B7250A12ED004CCE87 /* UIViewExt.swift in Sources */ = {isa = PBXBuildFile; fileRef = 6EF5E1A4250A12ED004CCE87 /* UIViewExt.swift */; };
		6EF5E1B8250A12ED004CCE87 /* BundleExt.swift in Sources */ = {isa = PBXBuildFile; fileRef = 6EF5E1A5250A12ED004CCE87 /* BundleExt.swift */; };
		6EF5E1B9250A12ED004CCE87 /* UICollectionViewExt.swift in Sources */ = {isa = PBXBuildFile; fileRef = 6EF5E1A6250A12ED004CCE87 /* UICollectionViewExt.swift */; };
		6EF5E1BA250A12ED004CCE87 /* MapperExt.swift in Sources */ = {isa = PBXBuildFile; fileRef = 6EF5E1A7250A12ED004CCE87 /* MapperExt.swift */; };
		6EF5E1BB250A12ED004CCE87 /* CollectionExt.swift in Sources */ = {isa = PBXBuildFile; fileRef = 6EF5E1A8250A12ED004CCE87 /* CollectionExt.swift */; };
		6EF5E1BC250A12ED004CCE87 /* FontSizeExt.swift in Sources */ = {isa = PBXBuildFile; fileRef = 6EF5E1A9250A12ED004CCE87 /* FontSizeExt.swift */; };
		6EF5E1BD250A12ED004CCE87 /* UIScrollViewExt.swift in Sources */ = {isa = PBXBuildFile; fileRef = 6EF5E1AA250A12ED004CCE87 /* UIScrollViewExt.swift */; };
		6EF5E1BE250A12ED004CCE87 /* UILabelExt.swift in Sources */ = {isa = PBXBuildFile; fileRef = 6EF5E1AB250A12ED004CCE87 /* UILabelExt.swift */; };
		6EF5E1CA250A144B004CCE87 /* RequestSerializer.swift in Sources */ = {isa = PBXBuildFile; fileRef = 6EF5E1C2250A144B004CCE87 /* RequestSerializer.swift */; };
		6EF5E1CB250A144B004CCE87 /* NSURL.swift in Sources */ = {isa = PBXBuildFile; fileRef = 6EF5E1C3250A144B004CCE87 /* NSURL.swift */; };
		6EF5E1CD250A144B004CCE87 /* Error.swift in Sources */ = {isa = PBXBuildFile; fileRef = 6EF5E1C5250A144B004CCE87 /* Error.swift */; };
		6EF5E1CF250A144B004CCE87 /* ApiManager.swift in Sources */ = {isa = PBXBuildFile; fileRef = 6EF5E1C7250A144B004CCE87 /* ApiManager.swift */; };
		6EF5E1D0250A144B004CCE87 /* ResponseSerializer.swift in Sources */ = {isa = PBXBuildFile; fileRef = 6EF5E1C8250A144B004CCE87 /* ResponseSerializer.swift */; };
		6EF5E1D1250A144B004CCE87 /* Router.swift in Sources */ = {isa = PBXBuildFile; fileRef = 6EF5E1C9250A144B004CCE87 /* Router.swift */; };
		E57E966421BE8F701EF7C831 /* Pods_FinalProject.framework in Frameworks */ = {isa = PBXBuildFile; fileRef = 00A42FF3617E02BB1293C105 /* Pods_FinalProject.framework */; };
/* End PBXBuildFile section */

/* Begin PBXFileReference section */
		00A42FF3617E02BB1293C105 /* Pods_FinalProject.framework */ = {isa = PBXFileReference; explicitFileType = wrapper.framework; includeInIndex = 0; path = Pods_FinalProject.framework; sourceTree = BUILT_PRODUCTS_DIR; };
		49E10CB5A1789F57EACEEFD0 /* Pods-FinalProject.debug.xcconfig */ = {isa = PBXFileReference; includeInIndex = 1; lastKnownFileType = text.xcconfig; name = "Pods-FinalProject.debug.xcconfig"; path = "Target Support Files/Pods-FinalProject/Pods-FinalProject.debug.xcconfig"; sourceTree = "<group>"; };
		6EF5E173250A0CB7004CCE87 /* FinalProject.app */ = {isa = PBXFileReference; explicitFileType = wrapper.application; includeInIndex = 0; path = FinalProject.app; sourceTree = BUILT_PRODUCTS_DIR; };
		6EF5E176250A0CB7004CCE87 /* AppDelegate.swift */ = {isa = PBXFileReference; lastKnownFileType = sourcecode.swift; path = AppDelegate.swift; sourceTree = "<group>"; };
		6EF5E178250A0CB7004CCE87 /* SceneDelegate.swift */ = {isa = PBXFileReference; lastKnownFileType = sourcecode.swift; path = SceneDelegate.swift; sourceTree = "<group>"; };
		6EF5E17A250A0CB7004CCE87 /* ViewController.swift */ = {isa = PBXFileReference; lastKnownFileType = sourcecode.swift; path = ViewController.swift; sourceTree = "<group>"; };
		6EF5E184250A0CBD004CCE87 /* Info.plist */ = {isa = PBXFileReference; lastKnownFileType = text.plist.xml; path = Info.plist; sourceTree = "<group>"; };
		6EF5E196250A12EC004CCE87 /* Base */ = {isa = PBXFileReference; lastKnownFileType = file.storyboard; name = Base; path = Base.lproj/LaunchScreen.storyboard; sourceTree = "<group>"; };
		6EF5E198250A12EC004CCE87 /* Assets.xcassets */ = {isa = PBXFileReference; lastKnownFileType = folder.assetcatalog; path = Assets.xcassets; sourceTree = "<group>"; };
		6EF5E19B250A12ED004CCE87 /* UIGestureRecognizerExt.swift */ = {isa = PBXFileReference; fileEncoding = 4; lastKnownFileType = sourcecode.swift; path = UIGestureRecognizerExt.swift; sourceTree = "<group>"; };
		6EF5E19C250A12ED004CCE87 /* UITableViewExt.swift */ = {isa = PBXFileReference; fileEncoding = 4; lastKnownFileType = sourcecode.swift; path = UITableViewExt.swift; sourceTree = "<group>"; };
		6EF5E19D250A12ED004CCE87 /* Ratio.swift */ = {isa = PBXFileReference; fileEncoding = 4; lastKnownFileType = sourcecode.swift; path = Ratio.swift; sourceTree = "<group>"; };
		6EF5E19F250A12ED004CCE87 /* UINavigationItemExt.swift */ = {isa = PBXFileReference; fileEncoding = 4; lastKnownFileType = sourcecode.swift; path = UINavigationItemExt.swift; sourceTree = "<group>"; };
		6EF5E1A0250A12ED004CCE87 /* UIColorExt.swift */ = {isa = PBXFileReference; fileEncoding = 4; lastKnownFileType = sourcecode.swift; path = UIColorExt.swift; sourceTree = "<group>"; };
		6EF5E1A1250A12ED004CCE87 /* StringExt.swift */ = {isa = PBXFileReference; fileEncoding = 4; lastKnownFileType = sourcecode.swift; path = StringExt.swift; sourceTree = "<group>"; };
		6EF5E1A2250A12ED004CCE87 /* DictionaryExt.swift */ = {isa = PBXFileReference; fileEncoding = 4; lastKnownFileType = sourcecode.swift; path = DictionaryExt.swift; sourceTree = "<group>"; };
		6EF5E1A3250A12ED004CCE87 /* NSDataExt.swift */ = {isa = PBXFileReference; fileEncoding = 4; lastKnownFileType = sourcecode.swift; path = NSDataExt.swift; sourceTree = "<group>"; };
		6EF5E1A4250A12ED004CCE87 /* UIViewExt.swift */ = {isa = PBXFileReference; fileEncoding = 4; lastKnownFileType = sourcecode.swift; path = UIViewExt.swift; sourceTree = "<group>"; };
		6EF5E1A5250A12ED004CCE87 /* BundleExt.swift */ = {isa = PBXFileReference; fileEncoding = 4; lastKnownFileType = sourcecode.swift; path = BundleExt.swift; sourceTree = "<group>"; };
		6EF5E1A6250A12ED004CCE87 /* UICollectionViewExt.swift */ = {isa = PBXFileReference; fileEncoding = 4; lastKnownFileType = sourcecode.swift; path = UICollectionViewExt.swift; sourceTree = "<group>"; };
		6EF5E1A7250A12ED004CCE87 /* MapperExt.swift */ = {isa = PBXFileReference; fileEncoding = 4; lastKnownFileType = sourcecode.swift; path = MapperExt.swift; sourceTree = "<group>"; };
		6EF5E1A8250A12ED004CCE87 /* CollectionExt.swift */ = {isa = PBXFileReference; fileEncoding = 4; lastKnownFileType = sourcecode.swift; path = CollectionExt.swift; sourceTree = "<group>"; };
		6EF5E1A9250A12ED004CCE87 /* FontSizeExt.swift */ = {isa = PBXFileReference; fileEncoding = 4; lastKnownFileType = sourcecode.swift; path = FontSizeExt.swift; sourceTree = "<group>"; };
		6EF5E1AA250A12ED004CCE87 /* UIScrollViewExt.swift */ = {isa = PBXFileReference; fileEncoding = 4; lastKnownFileType = sourcecode.swift; path = UIScrollViewExt.swift; sourceTree = "<group>"; };
		6EF5E1AB250A12ED004CCE87 /* UILabelExt.swift */ = {isa = PBXFileReference; fileEncoding = 4; lastKnownFileType = sourcecode.swift; path = UILabelExt.swift; sourceTree = "<group>"; };
		6EF5E1C2250A144B004CCE87 /* RequestSerializer.swift */ = {isa = PBXFileReference; fileEncoding = 4; lastKnownFileType = sourcecode.swift; path = RequestSerializer.swift; sourceTree = "<group>"; };
		6EF5E1C3250A144B004CCE87 /* NSURL.swift */ = {isa = PBXFileReference; fileEncoding = 4; lastKnownFileType = sourcecode.swift; path = NSURL.swift; sourceTree = "<group>"; };
		6EF5E1C5250A144B004CCE87 /* Error.swift */ = {isa = PBXFileReference; fileEncoding = 4; lastKnownFileType = sourcecode.swift; path = Error.swift; sourceTree = "<group>"; };
		6EF5E1C7250A144B004CCE87 /* ApiManager.swift */ = {isa = PBXFileReference; fileEncoding = 4; lastKnownFileType = sourcecode.swift; path = ApiManager.swift; sourceTree = "<group>"; };
		6EF5E1C8250A144B004CCE87 /* ResponseSerializer.swift */ = {isa = PBXFileReference; fileEncoding = 4; lastKnownFileType = sourcecode.swift; path = ResponseSerializer.swift; sourceTree = "<group>"; };
		6EF5E1C9250A144B004CCE87 /* Router.swift */ = {isa = PBXFileReference; fileEncoding = 4; lastKnownFileType = sourcecode.swift; path = Router.swift; sourceTree = "<group>"; };
		6F24B8A2B1F5901AB1EC137A /* Pods-FinalProject.release.xcconfig */ = {isa = PBXFileReference; includeInIndex = 1; lastKnownFileType = text.xcconfig; name = "Pods-FinalProject.release.xcconfig"; path = "Target Support Files/Pods-FinalProject/Pods-FinalProject.release.xcconfig"; sourceTree = "<group>"; };
/* End PBXFileReference section */

/* Begin PBXFrameworksBuildPhase section */
		6EF5E170250A0CB7004CCE87 /* Frameworks */ = {
			isa = PBXFrameworksBuildPhase;
			buildActionMask = 2147483647;
			files = (
				E57E966421BE8F701EF7C831 /* Pods_FinalProject.framework in Frameworks */,
			);
			runOnlyForDeploymentPostprocessing = 0;
		};
/* End PBXFrameworksBuildPhase section */

/* Begin PBXGroup section */
		51BD9ACCDE25895EECE3DA00 /* Frameworks */ = {
			isa = PBXGroup;
			children = (
				00A42FF3617E02BB1293C105 /* Pods_FinalProject.framework */,
			);
			name = Frameworks;
			sourceTree = "<group>";
		};
		6EF5E16A250A0CB7004CCE87 = {
			isa = PBXGroup;
			children = (
				6EF5E175250A0CB7004CCE87 /* FinalProject */,
				6EF5E174250A0CB7004CCE87 /* Products */,
				CB1614CC5CD986EAB8EB8397 /* Pods */,
				51BD9ACCDE25895EECE3DA00 /* Frameworks */,
			);
			sourceTree = "<group>";
		};
		6EF5E174250A0CB7004CCE87 /* Products */ = {
			isa = PBXGroup;
			children = (
				6EF5E173250A0CB7004CCE87 /* FinalProject.app */,
			);
			name = Products;
			sourceTree = "<group>";
		};
		6EF5E175250A0CB7004CCE87 /* FinalProject */ = {
			isa = PBXGroup;
			children = (
				6EF5E1C0250A1438004CCE87 /* Model */,
				6EF5E1BF250A133E004CCE87 /* View */,
				6EF5E199250A12ED004CCE87 /* Library */,
				6EF5E197250A12EC004CCE87 /* Resource */,
				6EF5E194250A12EC004CCE87 /* Support */,
				6EF5E17A250A0CB7004CCE87 /* ViewController.swift */,
				6EF5E184250A0CBD004CCE87 /* Info.plist */,
			);
			path = FinalProject;
			sourceTree = "<group>";
		};
		6EF5E194250A12EC004CCE87 /* Support */ = {
			isa = PBXGroup;
			children = (
				6EF5E195250A12EC004CCE87 /* LaunchScreen.storyboard */,
			);
			path = Support;
			sourceTree = "<group>";
		};
		6EF5E197250A12EC004CCE87 /* Resource */ = {
			isa = PBXGroup;
			children = (
				6EF5E198250A12EC004CCE87 /* Assets.xcassets */,
			);
			path = Resource;
			sourceTree = "<group>";
		};
		6EF5E199250A12ED004CCE87 /* Library */ = {
			isa = PBXGroup;
			children = (
				6EF5E19A250A12ED004CCE87 /* Ext */,
			);
			path = Library;
			sourceTree = "<group>";
		};
		6EF5E19A250A12ED004CCE87 /* Ext */ = {
			isa = PBXGroup;
			children = (
				6EF5E19B250A12ED004CCE87 /* UIGestureRecognizerExt.swift */,
				6EF5E19C250A12ED004CCE87 /* UITableViewExt.swift */,
				6EF5E19D250A12ED004CCE87 /* Ratio.swift */,
				6EF5E19F250A12ED004CCE87 /* UINavigationItemExt.swift */,
				6EF5E1A0250A12ED004CCE87 /* UIColorExt.swift */,
				6EF5E1A1250A12ED004CCE87 /* StringExt.swift */,
				6EF5E1A2250A12ED004CCE87 /* DictionaryExt.swift */,
				6EF5E1A3250A12ED004CCE87 /* NSDataExt.swift */,
				6EF5E1A4250A12ED004CCE87 /* UIViewExt.swift */,
				6EF5E1A5250A12ED004CCE87 /* BundleExt.swift */,
				6EF5E1A6250A12ED004CCE87 /* UICollectionViewExt.swift */,
				6EF5E1A7250A12ED004CCE87 /* MapperExt.swift */,
				6EF5E1A8250A12ED004CCE87 /* CollectionExt.swift */,
				6EF5E1A9250A12ED004CCE87 /* FontSizeExt.swift */,
				6EF5E1AA250A12ED004CCE87 /* UIScrollViewExt.swift */,
				6EF5E1AB250A12ED004CCE87 /* UILabelExt.swift */,
			);
			path = Ext;
			sourceTree = "<group>";
		};
		6EF5E1BF250A133E004CCE87 /* View */ = {
			isa = PBXGroup;
			children = (
				6EF5E176250A0CB7004CCE87 /* AppDelegate.swift */,
				6EF5E178250A0CB7004CCE87 /* SceneDelegate.swift */,
			);
			path = View;
			sourceTree = "<group>";
		};
		6EF5E1C0250A1438004CCE87 /* Model */ = {
			isa = PBXGroup;
			children = (
				6EF5E1C1250A144B004CCE87 /* API */,
			);
			path = Model;
			sourceTree = "<group>";
		};
		6EF5E1C1250A144B004CCE87 /* API */ = {
			isa = PBXGroup;
			children = (
				6EF5E1C2250A144B004CCE87 /* RequestSerializer.swift */,
				6EF5E1C3250A144B004CCE87 /* NSURL.swift */,
				6EF5E1C5250A144B004CCE87 /* Error.swift */,
				6EF5E1C7250A144B004CCE87 /* ApiManager.swift */,
				6EF5E1C8250A144B004CCE87 /* ResponseSerializer.swift */,
				6EF5E1C9250A144B004CCE87 /* Router.swift */,
			);
			name = API;
			path = FinalProject/API;
			sourceTree = SOURCE_ROOT;
		};
		CB1614CC5CD986EAB8EB8397 /* Pods */ = {
			isa = PBXGroup;
			children = (
				49E10CB5A1789F57EACEEFD0 /* Pods-FinalProject.debug.xcconfig */,
				6F24B8A2B1F5901AB1EC137A /* Pods-FinalProject.release.xcconfig */,
			);
			path = Pods;
			sourceTree = "<group>";
		};
/* End PBXGroup section */

/* Begin PBXNativeTarget section */
		6EF5E172250A0CB7004CCE87 /* FinalProject */ = {
			isa = PBXNativeTarget;
			buildConfigurationList = 6EF5E187250A0CBD004CCE87 /* Build configuration list for PBXNativeTarget "FinalProject" */;
			buildPhases = (
				773D4CB90A722F8D5EA54246 /* [CP] Check Pods Manifest.lock */,
				6EF5E16F250A0CB7004CCE87 /* Sources */,
				6EF5E170250A0CB7004CCE87 /* Frameworks */,
				6EF5E171250A0CB7004CCE87 /* Resources */,
				D59A6B5AA59A225FE0F69D83 /* [CP] Embed Pods Frameworks */,
			);
			buildRules = (
			);
			dependencies = (
			);
			name = FinalProject;
			productName = FinalProject;
			productReference = 6EF5E173250A0CB7004CCE87 /* FinalProject.app */;
			productType = "com.apple.product-type.application";
		};
/* End PBXNativeTarget section */

/* Begin PBXProject section */
		6EF5E16B250A0CB7004CCE87 /* Project object */ = {
			isa = PBXProject;
			attributes = {
				LastSwiftUpdateCheck = 1150;
				LastUpgradeCheck = 1150;
				ORGANIZATIONNAME = MBA0176;
				TargetAttributes = {
					6EF5E172250A0CB7004CCE87 = {
						CreatedOnToolsVersion = 11.5;
					};
				};
			};
			buildConfigurationList = 6EF5E16E250A0CB7004CCE87 /* Build configuration list for PBXProject "FinalProject" */;
			compatibilityVersion = "Xcode 9.3";
			developmentRegion = en;
			hasScannedForEncodings = 0;
			knownRegions = (
				en,
				Base,
			);
			mainGroup = 6EF5E16A250A0CB7004CCE87;
			productRefGroup = 6EF5E174250A0CB7004CCE87 /* Products */;
			projectDirPath = "";
			projectRoot = "";
			targets = (
				6EF5E172250A0CB7004CCE87 /* FinalProject */,
			);
		};
/* End PBXProject section */

/* Begin PBXResourcesBuildPhase section */
		6EF5E171250A0CB7004CCE87 /* Resources */ = {
			isa = PBXResourcesBuildPhase;
			buildActionMask = 2147483647;
			files = (
				6EF5E1AD250A12ED004CCE87 /* Assets.xcassets in Resources */,
				6EF5E1AC250A12ED004CCE87 /* LaunchScreen.storyboard in Resources */,
			);
			runOnlyForDeploymentPostprocessing = 0;
		};
/* End PBXResourcesBuildPhase section */

/* Begin PBXShellScriptBuildPhase section */
		773D4CB90A722F8D5EA54246 /* [CP] Check Pods Manifest.lock */ = {
			isa = PBXShellScriptBuildPhase;
			buildActionMask = 2147483647;
			files = (
			);
			inputFileListPaths = (
			);
			inputPaths = (
				"${PODS_PODFILE_DIR_PATH}/Podfile.lock",
				"${PODS_ROOT}/Manifest.lock",
			);
			name = "[CP] Check Pods Manifest.lock";
			outputFileListPaths = (
			);
			outputPaths = (
				"$(DERIVED_FILE_DIR)/Pods-FinalProject-checkManifestLockResult.txt",
			);
			runOnlyForDeploymentPostprocessing = 0;
			shellPath = /bin/sh;
			shellScript = "diff \"${PODS_PODFILE_DIR_PATH}/Podfile.lock\" \"${PODS_ROOT}/Manifest.lock\" > /dev/null\nif [ $? != 0 ] ; then\n    # print error to STDERR\n    echo \"error: The sandbox is not in sync with the Podfile.lock. Run 'pod install' or update your CocoaPods installation.\" >&2\n    exit 1\nfi\n# This output is used by Xcode 'outputs' to avoid re-running this script phase.\necho \"SUCCESS\" > \"${SCRIPT_OUTPUT_FILE_0}\"\n";
			showEnvVarsInLog = 0;
		};
		D59A6B5AA59A225FE0F69D83 /* [CP] Embed Pods Frameworks */ = {
			isa = PBXShellScriptBuildPhase;
			buildActionMask = 2147483647;
			files = (
			);
			inputFileListPaths = (
				"${PODS_ROOT}/Target Support Files/Pods-FinalProject/Pods-FinalProject-frameworks-${CONFIGURATION}-input-files.xcfilelist",
			);
			name = "[CP] Embed Pods Frameworks";
			outputFileListPaths = (
				"${PODS_ROOT}/Target Support Files/Pods-FinalProject/Pods-FinalProject-frameworks-${CONFIGURATION}-output-files.xcfilelist",
			);
			runOnlyForDeploymentPostprocessing = 0;
			shellPath = /bin/sh;
			shellScript = "\"${PODS_ROOT}/Target Support Files/Pods-FinalProject/Pods-FinalProject-frameworks.sh\"\n";
			showEnvVarsInLog = 0;
		};
/* End PBXShellScriptBuildPhase section */

/* Begin PBXSourcesBuildPhase section */
		6EF5E16F250A0CB7004CCE87 /* Sources */ = {
			isa = PBXSourcesBuildPhase;
			buildActionMask = 2147483647;
			files = (
				6EF5E1CB250A144B004CCE87 /* NSURL.swift in Sources */,
				6EF5E1BA250A12ED004CCE87 /* MapperExt.swift in Sources */,
				6EF5E1CD250A144B004CCE87 /* Error.swift in Sources */,
				6EF5E1D1250A144B004CCE87 /* Router.swift in Sources */,
				6EF5E1B7250A12ED004CCE87 /* UIViewExt.swift in Sources */,
				6EF5E1BE250A12ED004CCE87 /* UILabelExt.swift in Sources */,
				6EF5E17B250A0CB7004CCE87 /* ViewController.swift in Sources */,
				6EF5E1B0250A12ED004CCE87 /* Ratio.swift in Sources */,
				6EF5E1CA250A144B004CCE87 /* RequestSerializer.swift in Sources */,
				6EF5E1B2250A12ED004CCE87 /* UINavigationItemExt.swift in Sources */,
				6EF5E1AE250A12ED004CCE87 /* UIGestureRecognizerExt.swift in Sources */,
				6EF5E1B4250A12ED004CCE87 /* StringExt.swift in Sources */,
				6EF5E1CF250A144B004CCE87 /* ApiManager.swift in Sources */,
				6EF5E1BD250A12ED004CCE87 /* UIScrollViewExt.swift in Sources */,
				6EF5E1BC250A12ED004CCE87 /* FontSizeExt.swift in Sources */,
				6EF5E1B3250A12ED004CCE87 /* UIColorExt.swift in Sources */,
				6EF5E1B9250A12ED004CCE87 /* UICollectionViewExt.swift in Sources */,
				6EF5E1B8250A12ED004CCE87 /* BundleExt.swift in Sources */,
				6EF5E1AF250A12ED004CCE87 /* UITableViewExt.swift in Sources */,
				6EF5E177250A0CB7004CCE87 /* AppDelegate.swift in Sources */,
				6EF5E179250A0CB7004CCE87 /* SceneDelegate.swift in Sources */,
				6EF5E1D0250A144B004CCE87 /* ResponseSerializer.swift in Sources */,
				6EF5E1BB250A12ED004CCE87 /* CollectionExt.swift in Sources */,
				6EF5E1B6250A12ED004CCE87 /* NSDataExt.swift in Sources */,
				6EF5E1B5250A12ED004CCE87 /* DictionaryExt.swift in Sources */,
			);
			runOnlyForDeploymentPostprocessing = 0;
		};
/* End PBXSourcesBuildPhase section */

/* Begin PBXVariantGroup section */
		6EF5E195250A12EC004CCE87 /* LaunchScreen.storyboard */ = {
			isa = PBXVariantGroup;
			children = (
				6EF5E196250A12EC004CCE87 /* Base */,
			);
			name = LaunchScreen.storyboard;
			sourceTree = "<group>";
		};
/* End PBXVariantGroup section */

/* Begin XCBuildConfiguration section */
		6EF5E185250A0CBD004CCE87 /* Debug */ = {
			isa = XCBuildConfiguration;
			buildSettings = {
				ALWAYS_SEARCH_USER_PATHS = NO;
				CLANG_ANALYZER_NONNULL = YES;
				CLANG_ANALYZER_NUMBER_OBJECT_CONVERSION = YES_AGGRESSIVE;
				CLANG_CXX_LANGUAGE_STANDARD = "gnu++14";
				CLANG_CXX_LIBRARY = "libc++";
				CLANG_ENABLE_MODULES = YES;
				CLANG_ENABLE_OBJC_ARC = YES;
				CLANG_ENABLE_OBJC_WEAK = YES;
				CLANG_WARN_BLOCK_CAPTURE_AUTORELEASING = YES;
				CLANG_WARN_BOOL_CONVERSION = YES;
				CLANG_WARN_COMMA = YES;
				CLANG_WARN_CONSTANT_CONVERSION = YES;
				CLANG_WARN_DEPRECATED_OBJC_IMPLEMENTATIONS = YES;
				CLANG_WARN_DIRECT_OBJC_ISA_USAGE = YES_ERROR;
				CLANG_WARN_DOCUMENTATION_COMMENTS = YES;
				CLANG_WARN_EMPTY_BODY = YES;
				CLANG_WARN_ENUM_CONVERSION = YES;
				CLANG_WARN_INFINITE_RECURSION = YES;
				CLANG_WARN_INT_CONVERSION = YES;
				CLANG_WARN_NON_LITERAL_NULL_CONVERSION = YES;
				CLANG_WARN_OBJC_IMPLICIT_RETAIN_SELF = YES;
				CLANG_WARN_OBJC_LITERAL_CONVERSION = YES;
				CLANG_WARN_OBJC_ROOT_CLASS = YES_ERROR;
				CLANG_WARN_RANGE_LOOP_ANALYSIS = YES;
				CLANG_WARN_STRICT_PROTOTYPES = YES;
				CLANG_WARN_SUSPICIOUS_MOVE = YES;
				CLANG_WARN_UNGUARDED_AVAILABILITY = YES_AGGRESSIVE;
				CLANG_WARN_UNREACHABLE_CODE = YES;
				CLANG_WARN__DUPLICATE_METHOD_MATCH = YES;
				COPY_PHASE_STRIP = NO;
				DEBUG_INFORMATION_FORMAT = dwarf;
				ENABLE_STRICT_OBJC_MSGSEND = YES;
				ENABLE_TESTABILITY = YES;
				GCC_C_LANGUAGE_STANDARD = gnu11;
				GCC_DYNAMIC_NO_PIC = NO;
				GCC_NO_COMMON_BLOCKS = YES;
				GCC_OPTIMIZATION_LEVEL = 0;
				GCC_PREPROCESSOR_DEFINITIONS = (
					"DEBUG=1",
					"$(inherited)",
				);
				GCC_WARN_64_TO_32_BIT_CONVERSION = YES;
				GCC_WARN_ABOUT_RETURN_TYPE = YES_ERROR;
				GCC_WARN_UNDECLARED_SELECTOR = YES;
				GCC_WARN_UNINITIALIZED_AUTOS = YES_AGGRESSIVE;
				GCC_WARN_UNUSED_FUNCTION = YES;
				GCC_WARN_UNUSED_VARIABLE = YES;
				IPHONEOS_DEPLOYMENT_TARGET = 13.5;
				MTL_ENABLE_DEBUG_INFO = INCLUDE_SOURCE;
				MTL_FAST_MATH = YES;
				ONLY_ACTIVE_ARCH = YES;
				SDKROOT = iphoneos;
				SWIFT_ACTIVE_COMPILATION_CONDITIONS = DEBUG;
				SWIFT_OPTIMIZATION_LEVEL = "-Onone";
			};
			name = Debug;
		};
		6EF5E186250A0CBD004CCE87 /* Release */ = {
			isa = XCBuildConfiguration;
			buildSettings = {
				ALWAYS_SEARCH_USER_PATHS = NO;
				CLANG_ANALYZER_NONNULL = YES;
				CLANG_ANALYZER_NUMBER_OBJECT_CONVERSION = YES_AGGRESSIVE;
				CLANG_CXX_LANGUAGE_STANDARD = "gnu++14";
				CLANG_CXX_LIBRARY = "libc++";
				CLANG_ENABLE_MODULES = YES;
				CLANG_ENABLE_OBJC_ARC = YES;
				CLANG_ENABLE_OBJC_WEAK = YES;
				CLANG_WARN_BLOCK_CAPTURE_AUTORELEASING = YES;
				CLANG_WARN_BOOL_CONVERSION = YES;
				CLANG_WARN_COMMA = YES;
				CLANG_WARN_CONSTANT_CONVERSION = YES;
				CLANG_WARN_DEPRECATED_OBJC_IMPLEMENTATIONS = YES;
				CLANG_WARN_DIRECT_OBJC_ISA_USAGE = YES_ERROR;
				CLANG_WARN_DOCUMENTATION_COMMENTS = YES;
				CLANG_WARN_EMPTY_BODY = YES;
				CLANG_WARN_ENUM_CONVERSION = YES;
				CLANG_WARN_INFINITE_RECURSION = YES;
				CLANG_WARN_INT_CONVERSION = YES;
				CLANG_WARN_NON_LITERAL_NULL_CONVERSION = YES;
				CLANG_WARN_OBJC_IMPLICIT_RETAIN_SELF = YES;
				CLANG_WARN_OBJC_LITERAL_CONVERSION = YES;
				CLANG_WARN_OBJC_ROOT_CLASS = YES_ERROR;
				CLANG_WARN_RANGE_LOOP_ANALYSIS = YES;
				CLANG_WARN_STRICT_PROTOTYPES = YES;
				CLANG_WARN_SUSPICIOUS_MOVE = YES;
				CLANG_WARN_UNGUARDED_AVAILABILITY = YES_AGGRESSIVE;
				CLANG_WARN_UNREACHABLE_CODE = YES;
				CLANG_WARN__DUPLICATE_METHOD_MATCH = YES;
				COPY_PHASE_STRIP = NO;
				DEBUG_INFORMATION_FORMAT = "dwarf-with-dsym";
				ENABLE_NS_ASSERTIONS = NO;
				ENABLE_STRICT_OBJC_MSGSEND = YES;
				GCC_C_LANGUAGE_STANDARD = gnu11;
				GCC_NO_COMMON_BLOCKS = YES;
				GCC_WARN_64_TO_32_BIT_CONVERSION = YES;
				GCC_WARN_ABOUT_RETURN_TYPE = YES_ERROR;
				GCC_WARN_UNDECLARED_SELECTOR = YES;
				GCC_WARN_UNINITIALIZED_AUTOS = YES_AGGRESSIVE;
				GCC_WARN_UNUSED_FUNCTION = YES;
				GCC_WARN_UNUSED_VARIABLE = YES;
				IPHONEOS_DEPLOYMENT_TARGET = 13.5;
				MTL_ENABLE_DEBUG_INFO = NO;
				MTL_FAST_MATH = YES;
				SDKROOT = iphoneos;
				SWIFT_COMPILATION_MODE = wholemodule;
				SWIFT_OPTIMIZATION_LEVEL = "-O";
				VALIDATE_PRODUCT = YES;
			};
			name = Release;
		};
		6EF5E188250A0CBD004CCE87 /* Debug */ = {
			isa = XCBuildConfiguration;
			baseConfigurationReference = 49E10CB5A1789F57EACEEFD0 /* Pods-FinalProject.debug.xcconfig */;
			buildSettings = {
				ASSETCATALOG_COMPILER_APPICON_NAME = AppIcon;
				CODE_SIGN_STYLE = Automatic;
				INFOPLIST_FILE = FinalProject/Info.plist;
				LD_RUNPATH_SEARCH_PATHS = (
					"$(inherited)",
					"@executable_path/Frameworks",
				);
				PRODUCT_BUNDLE_IDENTIFIER = com.Test.FinalProject;
				PRODUCT_NAME = "$(TARGET_NAME)";
				SWIFT_VERSION = 5.0;
				TARGETED_DEVICE_FAMILY = "1,2";
			};
			name = Debug;
		};
		6EF5E189250A0CBD004CCE87 /* Release */ = {
			isa = XCBuildConfiguration;
			baseConfigurationReference = 6F24B8A2B1F5901AB1EC137A /* Pods-FinalProject.release.xcconfig */;
			buildSettings = {
				ASSETCATALOG_COMPILER_APPICON_NAME = AppIcon;
				CODE_SIGN_STYLE = Automatic;
				INFOPLIST_FILE = FinalProject/Info.plist;
				LD_RUNPATH_SEARCH_PATHS = (
					"$(inherited)",
					"@executable_path/Frameworks",
				);
				PRODUCT_BUNDLE_IDENTIFIER = com.Test.FinalProject;
				PRODUCT_NAME = "$(TARGET_NAME)";
				SWIFT_VERSION = 5.0;
				TARGETED_DEVICE_FAMILY = "1,2";
			};
			name = Release;
		};
/* End XCBuildConfiguration section */

/* Begin XCConfigurationList section */
		6EF5E16E250A0CB7004CCE87 /* Build configuration list for PBXProject "FinalProject" */ = {
			isa = XCConfigurationList;
			buildConfigurations = (
				6EF5E185250A0CBD004CCE87 /* Debug */,
				6EF5E186250A0CBD004CCE87 /* Release */,
			);
			defaultConfigurationIsVisible = 0;
			defaultConfigurationName = Release;
		};
		6EF5E187250A0CBD004CCE87 /* Build configuration list for PBXNativeTarget "FinalProject" */ = {
			isa = XCConfigurationList;
			buildConfigurations = (
				6EF5E188250A0CBD004CCE87 /* Debug */,
				6EF5E189250A0CBD004CCE87 /* Release */,
			);
			defaultConfigurationIsVisible = 0;
			defaultConfigurationName = Release;
		};
/* End XCConfigurationList section */
	};
	rootObject = 6EF5E16B250A0CB7004CCE87 /* Project object */;
}
