// !$*UTF8*$!
{
	archiveVersion = 1;
	classes = {
	};
	objectVersion = 51;
	objects = {

/* Begin PBXBuildFile section */
		6ED44C9E250A8145006DA53B /* AppDelegate.swift in Sources */ = {isa = PBXBuildFile; fileRef = 6ED44C9D250A8145006DA53B /* AppDelegate.swift */; };
		6ED44CA0250A8145006DA53B /* SceneDelegate.swift in Sources */ = {isa = PBXBuildFile; fileRef = 6ED44C9F250A8145006DA53B /* SceneDelegate.swift */; };
		6ED44CA7250A8148006DA53B /* Assets.xcassets in Resources */ = {isa = PBXBuildFile; fileRef = 6ED44CA6250A8148006DA53B /* Assets.xcassets */; };
		6ED44CBF250A8320006DA53B /* RequestSerializer.swift in Sources */ = {isa = PBXBuildFile; fileRef = 6ED44CB9250A8320006DA53B /* RequestSerializer.swift */; };
		6ED44CC0250A8320006DA53B /* NSURL.swift in Sources */ = {isa = PBXBuildFile; fileRef = 6ED44CBA250A8320006DA53B /* NSURL.swift */; };
		6ED44CC1250A8320006DA53B /* Error.swift in Sources */ = {isa = PBXBuildFile; fileRef = 6ED44CBB250A8320006DA53B /* Error.swift */; };
		6ED44CC2250A8320006DA53B /* ApiManager.swift in Sources */ = {isa = PBXBuildFile; fileRef = 6ED44CBC250A8320006DA53B /* ApiManager.swift */; };
		6ED44CC3250A8320006DA53B /* ResponseSerializer.swift in Sources */ = {isa = PBXBuildFile; fileRef = 6ED44CBD250A8320006DA53B /* ResponseSerializer.swift */; };
		6ED44CC4250A8320006DA53B /* Router.swift in Sources */ = {isa = PBXBuildFile; fileRef = 6ED44CBE250A8320006DA53B /* Router.swift */; };
		6ED44CD5250A8357006DA53B /* UIGestureRecognizerExt.swift in Sources */ = {isa = PBXBuildFile; fileRef = 6ED44CC7250A8357006DA53B /* UIGestureRecognizerExt.swift */; };
		6ED44CD6250A8357006DA53B /* UITableViewExt.swift in Sources */ = {isa = PBXBuildFile; fileRef = 6ED44CC8250A8357006DA53B /* UITableViewExt.swift */; };
		6ED44CD7250A8357006DA53B /* UINavigationItemExt.swift in Sources */ = {isa = PBXBuildFile; fileRef = 6ED44CC9250A8357006DA53B /* UINavigationItemExt.swift */; };
		6ED44CD8250A8357006DA53B /* UIColorExt.swift in Sources */ = {isa = PBXBuildFile; fileRef = 6ED44CCA250A8357006DA53B /* UIColorExt.swift */; };
		6ED44CD9250A8357006DA53B /* StringExt.swift in Sources */ = {isa = PBXBuildFile; fileRef = 6ED44CCB250A8357006DA53B /* StringExt.swift */; };
		6ED44CDA250A8357006DA53B /* DictionaryExt.swift in Sources */ = {isa = PBXBuildFile; fileRef = 6ED44CCC250A8357006DA53B /* DictionaryExt.swift */; };
		6ED44CDB250A8357006DA53B /* NSDataExt.swift in Sources */ = {isa = PBXBuildFile; fileRef = 6ED44CCD250A8357006DA53B /* NSDataExt.swift */; };
		6ED44CDC250A8357006DA53B /* UIViewExt.swift in Sources */ = {isa = PBXBuildFile; fileRef = 6ED44CCE250A8357006DA53B /* UIViewExt.swift */; };
		6ED44CDD250A8357006DA53B /* BundleExt.swift in Sources */ = {isa = PBXBuildFile; fileRef = 6ED44CCF250A8357006DA53B /* BundleExt.swift */; };
		6ED44CDE250A8357006DA53B /* UICollectionViewExt.swift in Sources */ = {isa = PBXBuildFile; fileRef = 6ED44CD0250A8357006DA53B /* UICollectionViewExt.swift */; };
		6ED44CDF250A8357006DA53B /* MapperExt.swift in Sources */ = {isa = PBXBuildFile; fileRef = 6ED44CD1250A8357006DA53B /* MapperExt.swift */; };
		6ED44CE0250A8357006DA53B /* CollectionExt.swift in Sources */ = {isa = PBXBuildFile; fileRef = 6ED44CD2250A8357006DA53B /* CollectionExt.swift */; };
		6ED44CE1250A8357006DA53B /* UIScrollViewExt.swift in Sources */ = {isa = PBXBuildFile; fileRef = 6ED44CD3250A8357006DA53B /* UIScrollViewExt.swift */; };
		6ED44CE2250A8357006DA53B /* UILabelExt.swift in Sources */ = {isa = PBXBuildFile; fileRef = 6ED44CD4250A8357006DA53B /* UILabelExt.swift */; };
		F014E5B42518587F00CF362D /* BaseTabBarController.swift in Sources */ = {isa = PBXBuildFile; fileRef = F014E5B32518587F00CF362D /* BaseTabBarController.swift */; };
		F014E5BE2518591B00CF362D /* FeaturedController.swift in Sources */ = {isa = PBXBuildFile; fileRef = F014E5BC2518591B00CF362D /* FeaturedController.swift */; };
		F014E5BF2518591B00CF362D /* FeaturedController.xib in Resources */ = {isa = PBXBuildFile; fileRef = F014E5BD2518591B00CF362D /* FeaturedController.xib */; };
		F014E5C12518593100CF362D /* FeaturedViewModel.swift in Sources */ = {isa = PBXBuildFile; fileRef = F014E5C02518593100CF362D /* FeaturedViewModel.swift */; };
		F014E5C9251859AB00CF362D /* HeaderCollectionCell.swift in Sources */ = {isa = PBXBuildFile; fileRef = F014E5C7251859AB00CF362D /* HeaderCollectionCell.swift */; };
		F014E5CA251859AB00CF362D /* HeaderCollectionCell.xib in Resources */ = {isa = PBXBuildFile; fileRef = F014E5C8251859AB00CF362D /* HeaderCollectionCell.xib */; };
		F014E5CC251859C500CF362D /* HeaderCollectionCellViewModel.swift in Sources */ = {isa = PBXBuildFile; fileRef = F014E5CB251859C500CF362D /* HeaderCollectionCellViewModel.swift */; };
		F014E5CF251859E700CF362D /* ItemsCollectionCell.swift in Sources */ = {isa = PBXBuildFile; fileRef = F014E5CD251859E700CF362D /* ItemsCollectionCell.swift */; };
		F014E5D0251859E700CF362D /* ItemsCollectionCell.xib in Resources */ = {isa = PBXBuildFile; fileRef = F014E5CE251859E700CF362D /* ItemsCollectionCell.xib */; };
		F014E5D2251859F600CF362D /* ItemsCollectionCellViewModel.swift in Sources */ = {isa = PBXBuildFile; fileRef = F014E5D1251859F600CF362D /* ItemsCollectionCellViewModel.swift */; };
		F014E5D725185A3100CF362D /* HeaderTableCell.swift in Sources */ = {isa = PBXBuildFile; fileRef = F014E5D525185A3100CF362D /* HeaderTableCell.swift */; };
		F014E5D825185A3100CF362D /* HeaderTableCell.xib in Resources */ = {isa = PBXBuildFile; fileRef = F014E5D625185A3100CF362D /* HeaderTableCell.xib */; };
		F014E5DA25185A4400CF362D /* HeaderTableCellViewModel.swift in Sources */ = {isa = PBXBuildFile; fileRef = F014E5D925185A4400CF362D /* HeaderTableCellViewModel.swift */; };
		F014E5DD25185A6B00CF362D /* ItemsTableCell.swift in Sources */ = {isa = PBXBuildFile; fileRef = F014E5DB25185A6B00CF362D /* ItemsTableCell.swift */; };
		F014E5DE25185A6B00CF362D /* ItemsTableCell.xib in Resources */ = {isa = PBXBuildFile; fileRef = F014E5DC25185A6B00CF362D /* ItemsTableCell.xib */; };
		F014E5E025185A7B00CF362D /* ItemsTableCellViewModel.swift in Sources */ = {isa = PBXBuildFile; fileRef = F014E5DF25185A7B00CF362D /* ItemsTableCellViewModel.swift */; };
		F014E5E325185AAB00CF362D /* SearchController.swift in Sources */ = {isa = PBXBuildFile; fileRef = F014E5E125185AAB00CF362D /* SearchController.swift */; };
		F014E5E425185AAB00CF362D /* SearchController.xib in Resources */ = {isa = PBXBuildFile; fileRef = F014E5E225185AAB00CF362D /* SearchController.xib */; };
		F014E5E625185AB800CF362D /* SearchViewModel.swift in Sources */ = {isa = PBXBuildFile; fileRef = F014E5E525185AB800CF362D /* SearchViewModel.swift */; };
		F014E5EA25185AD000CF362D /* SearchCell.swift in Sources */ = {isa = PBXBuildFile; fileRef = F014E5E825185AD000CF362D /* SearchCell.swift */; };
		F014E5EB25185AD000CF362D /* SearchCell.xib in Resources */ = {isa = PBXBuildFile; fileRef = F014E5E925185AD000CF362D /* SearchCell.xib */; };
		F014E5ED25185AE500CF362D /* SearchCellViewModel.swift in Sources */ = {isa = PBXBuildFile; fileRef = F014E5EC25185AE500CF362D /* SearchCellViewModel.swift */; };
		F014E5F025185B0D00CF362D /* FavouritesController.swift in Sources */ = {isa = PBXBuildFile; fileRef = F014E5EE25185B0D00CF362D /* FavouritesController.swift */; };
		F014E5F125185B0D00CF362D /* FavouritesController.xib in Resources */ = {isa = PBXBuildFile; fileRef = F014E5EF25185B0D00CF362D /* FavouritesController.xib */; };
		F014E5F325185B1C00CF362D /* FavouritesViewModel.swift in Sources */ = {isa = PBXBuildFile; fileRef = F014E5F225185B1C00CF362D /* FavouritesViewModel.swift */; };
		F014E5F725185B3B00CF362D /* FavouritesCell.swift in Sources */ = {isa = PBXBuildFile; fileRef = F014E5F525185B3B00CF362D /* FavouritesCell.swift */; };
		F014E5F825185B3B00CF362D /* FavouritesCell.xib in Resources */ = {isa = PBXBuildFile; fileRef = F014E5F625185B3B00CF362D /* FavouritesCell.xib */; };
		F014E5FA25185B4900CF362D /* FavouritesCellViewModel.swift in Sources */ = {isa = PBXBuildFile; fileRef = F014E5F925185B4900CF362D /* FavouritesCellViewModel.swift */; };
		F014E5FD25185B6A00CF362D /* DownloadController.swift in Sources */ = {isa = PBXBuildFile; fileRef = F014E5FB25185B6A00CF362D /* DownloadController.swift */; };
		F014E5FE25185B6A00CF362D /* DownloadController.xib in Resources */ = {isa = PBXBuildFile; fileRef = F014E5FC25185B6A00CF362D /* DownloadController.xib */; };
		F014E60025185B7800CF362D /* DownloadViewModel.swift in Sources */ = {isa = PBXBuildFile; fileRef = F014E5FF25185B7800CF362D /* DownloadViewModel.swift */; };
		F014E60425185BA200CF362D /* DownloadCell.swift in Sources */ = {isa = PBXBuildFile; fileRef = F014E60225185BA200CF362D /* DownloadCell.swift */; };
		F014E60525185BA200CF362D /* DownloadCell.xib in Resources */ = {isa = PBXBuildFile; fileRef = F014E60325185BA200CF362D /* DownloadCell.xib */; };
		F014E60725185BB800CF362D /* DownloadCellViewModel.swift in Sources */ = {isa = PBXBuildFile; fileRef = F014E60625185BB800CF362D /* DownloadCellViewModel.swift */; };
		F014E60A25185BE100CF362D /* EpisodesController.swift in Sources */ = {isa = PBXBuildFile; fileRef = F014E60825185BE100CF362D /* EpisodesController.swift */; };
		F014E60B25185BE100CF362D /* EpisodesController.xib in Resources */ = {isa = PBXBuildFile; fileRef = F014E60925185BE100CF362D /* EpisodesController.xib */; };
		F014E60D25185BED00CF362D /* EpisodesViewModel.swift in Sources */ = {isa = PBXBuildFile; fileRef = F014E60C25185BED00CF362D /* EpisodesViewModel.swift */; };
		F014E61125185C1B00CF362D /* EpisodesCell.swift in Sources */ = {isa = PBXBuildFile; fileRef = F014E60F25185C1B00CF362D /* EpisodesCell.swift */; };
		F014E61225185C1B00CF362D /* EpisodesCell.xib in Resources */ = {isa = PBXBuildFile; fileRef = F014E61025185C1B00CF362D /* EpisodesCell.xib */; };
		F014E61425185C2800CF362D /* EpisodesCellViewModel.swift in Sources */ = {isa = PBXBuildFile; fileRef = F014E61325185C2800CF362D /* EpisodesCellViewModel.swift */; };
		F014E61625185C5300CF362D /* Podcast.swift in Sources */ = {isa = PBXBuildFile; fileRef = F014E61525185C5300CF362D /* Podcast.swift */; };
		F014E61825185C5F00CF362D /* Episode.swift in Sources */ = {isa = PBXBuildFile; fileRef = F014E61725185C5F00CF362D /* Episode.swift */; };
		F014E61B25185C8100CF362D /* HorizontalCollectionViewLayout.swift in Sources */ = {isa = PBXBuildFile; fileRef = F014E61A25185C8100CF362D /* HorizontalCollectionViewLayout.swift */; };
		F0208AAB2519D93800C2C168 /* LaunchScreen.storyboard in Resources */ = {isa = PBXBuildFile; fileRef = 6ED44CE9250A8476006DA53B /* LaunchScreen.storyboard */; };
		F0208AAE2519DDF000C2C168 /* API.Search.swift in Sources */ = {isa = PBXBuildFile; fileRef = F0208AAD2519DDF000C2C168 /* API.Search.swift */; };
		F0208AB02519E1F600C2C168 /* PodcastResult.swift in Sources */ = {isa = PBXBuildFile; fileRef = F0208AAF2519E1F600C2C168 /* PodcastResult.swift */; };
		F0208AB32519E46500C2C168 /* API.Episode.swift in Sources */ = {isa = PBXBuildFile; fileRef = F0208AB22519E46500C2C168 /* API.Episode.swift */; };
		F0208AB52519E47300C2C168 /* API.Featured.swift in Sources */ = {isa = PBXBuildFile; fileRef = F0208AB42519E47300C2C168 /* API.Featured.swift */; };
		F0208AB72519F31000C2C168 /* String.Ext.swift in Sources */ = {isa = PBXBuildFile; fileRef = F0208AB62519F31000C2C168 /* String.Ext.swift */; };
		F0208AB92519F34B00C2C168 /* RSSFeed.swift in Sources */ = {isa = PBXBuildFile; fileRef = F0208AB82519F34B00C2C168 /* RSSFeed.swift */; };
		F0208AC0251A05B500C2C168 /* UIImageView.Ext.swift in Sources */ = {isa = PBXBuildFile; fileRef = F0208ABF251A05B500C2C168 /* UIImageView.Ext.swift */; };
		F0BB1479251C9BBD00295E10 /* PlayerView.swift in Sources */ = {isa = PBXBuildFile; fileRef = F0BB1478251C9BBD00295E10 /* PlayerView.swift */; };
		F0BB147B251C9BFD00295E10 /* PlayerView.xib in Resources */ = {isa = PBXBuildFile; fileRef = F0BB147A251C9BFD00295E10 /* PlayerView.xib */; };
		F0BB147D251CA62600295E10 /* PlayerViewModel.swift in Sources */ = {isa = PBXBuildFile; fileRef = F0BB147C251CA62600295E10 /* PlayerViewModel.swift */; };
		F0BB1480251CA84600295E10 /* PlayerService.swift in Sources */ = {isa = PBXBuildFile; fileRef = F0BB147F251CA84600295E10 /* PlayerService.swift */; };
		F394C983A276A0328ED4448A /* Pods_FinalProject.framework in Frameworks */ = {isa = PBXBuildFile; fileRef = BD3EFD8E62132522E716F26A /* Pods_FinalProject.framework */; };
/* End PBXBuildFile section */

/* Begin PBXFileReference section */
		576798226742ABD93715BDF6 /* Pods-FinalProject.release.xcconfig */ = {isa = PBXFileReference; includeInIndex = 1; lastKnownFileType = text.xcconfig; name = "Pods-FinalProject.release.xcconfig"; path = "Target Support Files/Pods-FinalProject/Pods-FinalProject.release.xcconfig"; sourceTree = "<group>"; };
		6ED44C9A250A8145006DA53B /* FinalProject.app */ = {isa = PBXFileReference; explicitFileType = wrapper.application; includeInIndex = 0; path = FinalProject.app; sourceTree = BUILT_PRODUCTS_DIR; };
		6ED44C9D250A8145006DA53B /* AppDelegate.swift */ = {isa = PBXFileReference; lastKnownFileType = sourcecode.swift; path = AppDelegate.swift; sourceTree = "<group>"; };
		6ED44C9F250A8145006DA53B /* SceneDelegate.swift */ = {isa = PBXFileReference; lastKnownFileType = sourcecode.swift; path = SceneDelegate.swift; sourceTree = "<group>"; };
		6ED44CA6250A8148006DA53B /* Assets.xcassets */ = {isa = PBXFileReference; lastKnownFileType = folder.assetcatalog; path = Assets.xcassets; sourceTree = "<group>"; };
		6ED44CB9250A8320006DA53B /* RequestSerializer.swift */ = {isa = PBXFileReference; fileEncoding = 4; lastKnownFileType = sourcecode.swift; path = RequestSerializer.swift; sourceTree = "<group>"; };
		6ED44CBA250A8320006DA53B /* NSURL.swift */ = {isa = PBXFileReference; fileEncoding = 4; lastKnownFileType = sourcecode.swift; path = NSURL.swift; sourceTree = "<group>"; };
		6ED44CBB250A8320006DA53B /* Error.swift */ = {isa = PBXFileReference; fileEncoding = 4; lastKnownFileType = sourcecode.swift; path = Error.swift; sourceTree = "<group>"; };
		6ED44CBC250A8320006DA53B /* ApiManager.swift */ = {isa = PBXFileReference; fileEncoding = 4; lastKnownFileType = sourcecode.swift; path = ApiManager.swift; sourceTree = "<group>"; };
		6ED44CBD250A8320006DA53B /* ResponseSerializer.swift */ = {isa = PBXFileReference; fileEncoding = 4; lastKnownFileType = sourcecode.swift; path = ResponseSerializer.swift; sourceTree = "<group>"; };
		6ED44CBE250A8320006DA53B /* Router.swift */ = {isa = PBXFileReference; fileEncoding = 4; lastKnownFileType = sourcecode.swift; path = Router.swift; sourceTree = "<group>"; };
		6ED44CC7250A8357006DA53B /* UIGestureRecognizerExt.swift */ = {isa = PBXFileReference; fileEncoding = 4; lastKnownFileType = sourcecode.swift; path = UIGestureRecognizerExt.swift; sourceTree = "<group>"; };
		6ED44CC8250A8357006DA53B /* UITableViewExt.swift */ = {isa = PBXFileReference; fileEncoding = 4; lastKnownFileType = sourcecode.swift; path = UITableViewExt.swift; sourceTree = "<group>"; };
		6ED44CC9250A8357006DA53B /* UINavigationItemExt.swift */ = {isa = PBXFileReference; fileEncoding = 4; lastKnownFileType = sourcecode.swift; path = UINavigationItemExt.swift; sourceTree = "<group>"; };
		6ED44CCA250A8357006DA53B /* UIColorExt.swift */ = {isa = PBXFileReference; fileEncoding = 4; lastKnownFileType = sourcecode.swift; path = UIColorExt.swift; sourceTree = "<group>"; };
		6ED44CCB250A8357006DA53B /* StringExt.swift */ = {isa = PBXFileReference; fileEncoding = 4; lastKnownFileType = sourcecode.swift; path = StringExt.swift; sourceTree = "<group>"; };
		6ED44CCC250A8357006DA53B /* DictionaryExt.swift */ = {isa = PBXFileReference; fileEncoding = 4; lastKnownFileType = sourcecode.swift; path = DictionaryExt.swift; sourceTree = "<group>"; };
		6ED44CCD250A8357006DA53B /* NSDataExt.swift */ = {isa = PBXFileReference; fileEncoding = 4; lastKnownFileType = sourcecode.swift; path = NSDataExt.swift; sourceTree = "<group>"; };
		6ED44CCE250A8357006DA53B /* UIViewExt.swift */ = {isa = PBXFileReference; fileEncoding = 4; lastKnownFileType = sourcecode.swift; path = UIViewExt.swift; sourceTree = "<group>"; };
		6ED44CCF250A8357006DA53B /* BundleExt.swift */ = {isa = PBXFileReference; fileEncoding = 4; lastKnownFileType = sourcecode.swift; path = BundleExt.swift; sourceTree = "<group>"; };
		6ED44CD0250A8357006DA53B /* UICollectionViewExt.swift */ = {isa = PBXFileReference; fileEncoding = 4; lastKnownFileType = sourcecode.swift; path = UICollectionViewExt.swift; sourceTree = "<group>"; };
		6ED44CD1250A8357006DA53B /* MapperExt.swift */ = {isa = PBXFileReference; fileEncoding = 4; lastKnownFileType = sourcecode.swift; path = MapperExt.swift; sourceTree = "<group>"; };
		6ED44CD2250A8357006DA53B /* CollectionExt.swift */ = {isa = PBXFileReference; fileEncoding = 4; lastKnownFileType = sourcecode.swift; path = CollectionExt.swift; sourceTree = "<group>"; };
		6ED44CD3250A8357006DA53B /* UIScrollViewExt.swift */ = {isa = PBXFileReference; fileEncoding = 4; lastKnownFileType = sourcecode.swift; path = UIScrollViewExt.swift; sourceTree = "<group>"; };
		6ED44CD4250A8357006DA53B /* UILabelExt.swift */ = {isa = PBXFileReference; fileEncoding = 4; lastKnownFileType = sourcecode.swift; path = UILabelExt.swift; sourceTree = "<group>"; };
		6ED44CE9250A8476006DA53B /* LaunchScreen.storyboard */ = {isa = PBXFileReference; lastKnownFileType = file.storyboard; path = LaunchScreen.storyboard; sourceTree = "<group>"; };
		A6E513A51564968E3C0375F2 /* Pods-FinalProject.debug.xcconfig */ = {isa = PBXFileReference; includeInIndex = 1; lastKnownFileType = text.xcconfig; name = "Pods-FinalProject.debug.xcconfig"; path = "Target Support Files/Pods-FinalProject/Pods-FinalProject.debug.xcconfig"; sourceTree = "<group>"; };
		BD3EFD8E62132522E716F26A /* Pods_FinalProject.framework */ = {isa = PBXFileReference; explicitFileType = wrapper.framework; includeInIndex = 0; path = Pods_FinalProject.framework; sourceTree = BUILT_PRODUCTS_DIR; };
		F014E5B32518587F00CF362D /* BaseTabBarController.swift */ = {isa = PBXFileReference; lastKnownFileType = sourcecode.swift; path = BaseTabBarController.swift; sourceTree = "<group>"; };
		F014E5BC2518591B00CF362D /* FeaturedController.swift */ = {isa = PBXFileReference; lastKnownFileType = sourcecode.swift; path = FeaturedController.swift; sourceTree = "<group>"; };
		F014E5BD2518591B00CF362D /* FeaturedController.xib */ = {isa = PBXFileReference; lastKnownFileType = file.xib; path = FeaturedController.xib; sourceTree = "<group>"; };
		F014E5C02518593100CF362D /* FeaturedViewModel.swift */ = {isa = PBXFileReference; lastKnownFileType = sourcecode.swift; path = FeaturedViewModel.swift; sourceTree = "<group>"; };
		F014E5C7251859AB00CF362D /* HeaderCollectionCell.swift */ = {isa = PBXFileReference; lastKnownFileType = sourcecode.swift; path = HeaderCollectionCell.swift; sourceTree = "<group>"; };
		F014E5C8251859AB00CF362D /* HeaderCollectionCell.xib */ = {isa = PBXFileReference; lastKnownFileType = file.xib; path = HeaderCollectionCell.xib; sourceTree = "<group>"; };
		F014E5CB251859C500CF362D /* HeaderCollectionCellViewModel.swift */ = {isa = PBXFileReference; lastKnownFileType = sourcecode.swift; path = HeaderCollectionCellViewModel.swift; sourceTree = "<group>"; };
		F014E5CD251859E700CF362D /* ItemsCollectionCell.swift */ = {isa = PBXFileReference; lastKnownFileType = sourcecode.swift; path = ItemsCollectionCell.swift; sourceTree = "<group>"; };
		F014E5CE251859E700CF362D /* ItemsCollectionCell.xib */ = {isa = PBXFileReference; lastKnownFileType = file.xib; path = ItemsCollectionCell.xib; sourceTree = "<group>"; };
		F014E5D1251859F600CF362D /* ItemsCollectionCellViewModel.swift */ = {isa = PBXFileReference; lastKnownFileType = sourcecode.swift; path = ItemsCollectionCellViewModel.swift; sourceTree = "<group>"; };
		F014E5D525185A3100CF362D /* HeaderTableCell.swift */ = {isa = PBXFileReference; lastKnownFileType = sourcecode.swift; path = HeaderTableCell.swift; sourceTree = "<group>"; };
		F014E5D625185A3100CF362D /* HeaderTableCell.xib */ = {isa = PBXFileReference; lastKnownFileType = file.xib; path = HeaderTableCell.xib; sourceTree = "<group>"; };
		F014E5D925185A4400CF362D /* HeaderTableCellViewModel.swift */ = {isa = PBXFileReference; lastKnownFileType = sourcecode.swift; path = HeaderTableCellViewModel.swift; sourceTree = "<group>"; };
		F014E5DB25185A6B00CF362D /* ItemsTableCell.swift */ = {isa = PBXFileReference; lastKnownFileType = sourcecode.swift; path = ItemsTableCell.swift; sourceTree = "<group>"; };
		F014E5DC25185A6B00CF362D /* ItemsTableCell.xib */ = {isa = PBXFileReference; lastKnownFileType = file.xib; path = ItemsTableCell.xib; sourceTree = "<group>"; };
		F014E5DF25185A7B00CF362D /* ItemsTableCellViewModel.swift */ = {isa = PBXFileReference; lastKnownFileType = sourcecode.swift; path = ItemsTableCellViewModel.swift; sourceTree = "<group>"; };
		F014E5E125185AAB00CF362D /* SearchController.swift */ = {isa = PBXFileReference; lastKnownFileType = sourcecode.swift; path = SearchController.swift; sourceTree = "<group>"; };
		F014E5E225185AAB00CF362D /* SearchController.xib */ = {isa = PBXFileReference; lastKnownFileType = file.xib; path = SearchController.xib; sourceTree = "<group>"; };
		F014E5E525185AB800CF362D /* SearchViewModel.swift */ = {isa = PBXFileReference; lastKnownFileType = sourcecode.swift; path = SearchViewModel.swift; sourceTree = "<group>"; };
		F014E5E825185AD000CF362D /* SearchCell.swift */ = {isa = PBXFileReference; lastKnownFileType = sourcecode.swift; path = SearchCell.swift; sourceTree = "<group>"; };
		F014E5E925185AD000CF362D /* SearchCell.xib */ = {isa = PBXFileReference; lastKnownFileType = file.xib; path = SearchCell.xib; sourceTree = "<group>"; };
		F014E5EC25185AE500CF362D /* SearchCellViewModel.swift */ = {isa = PBXFileReference; lastKnownFileType = sourcecode.swift; path = SearchCellViewModel.swift; sourceTree = "<group>"; };
		F014E5EE25185B0D00CF362D /* FavouritesController.swift */ = {isa = PBXFileReference; lastKnownFileType = sourcecode.swift; path = FavouritesController.swift; sourceTree = "<group>"; };
		F014E5EF25185B0D00CF362D /* FavouritesController.xib */ = {isa = PBXFileReference; lastKnownFileType = file.xib; path = FavouritesController.xib; sourceTree = "<group>"; };
		F014E5F225185B1C00CF362D /* FavouritesViewModel.swift */ = {isa = PBXFileReference; lastKnownFileType = sourcecode.swift; path = FavouritesViewModel.swift; sourceTree = "<group>"; };
		F014E5F525185B3B00CF362D /* FavouritesCell.swift */ = {isa = PBXFileReference; lastKnownFileType = sourcecode.swift; path = FavouritesCell.swift; sourceTree = "<group>"; };
		F014E5F625185B3B00CF362D /* FavouritesCell.xib */ = {isa = PBXFileReference; lastKnownFileType = file.xib; path = FavouritesCell.xib; sourceTree = "<group>"; };
		F014E5F925185B4900CF362D /* FavouritesCellViewModel.swift */ = {isa = PBXFileReference; lastKnownFileType = sourcecode.swift; path = FavouritesCellViewModel.swift; sourceTree = "<group>"; };
		F014E5FB25185B6A00CF362D /* DownloadController.swift */ = {isa = PBXFileReference; lastKnownFileType = sourcecode.swift; path = DownloadController.swift; sourceTree = "<group>"; };
		F014E5FC25185B6A00CF362D /* DownloadController.xib */ = {isa = PBXFileReference; lastKnownFileType = file.xib; path = DownloadController.xib; sourceTree = "<group>"; };
		F014E5FF25185B7800CF362D /* DownloadViewModel.swift */ = {isa = PBXFileReference; lastKnownFileType = sourcecode.swift; path = DownloadViewModel.swift; sourceTree = "<group>"; };
		F014E60225185BA200CF362D /* DownloadCell.swift */ = {isa = PBXFileReference; lastKnownFileType = sourcecode.swift; path = DownloadCell.swift; sourceTree = "<group>"; };
		F014E60325185BA200CF362D /* DownloadCell.xib */ = {isa = PBXFileReference; lastKnownFileType = file.xib; path = DownloadCell.xib; sourceTree = "<group>"; };
		F014E60625185BB800CF362D /* DownloadCellViewModel.swift */ = {isa = PBXFileReference; lastKnownFileType = sourcecode.swift; path = DownloadCellViewModel.swift; sourceTree = "<group>"; };
		F014E60825185BE100CF362D /* EpisodesController.swift */ = {isa = PBXFileReference; lastKnownFileType = sourcecode.swift; path = EpisodesController.swift; sourceTree = "<group>"; };
		F014E60925185BE100CF362D /* EpisodesController.xib */ = {isa = PBXFileReference; lastKnownFileType = file.xib; path = EpisodesController.xib; sourceTree = "<group>"; };
		F014E60C25185BED00CF362D /* EpisodesViewModel.swift */ = {isa = PBXFileReference; lastKnownFileType = sourcecode.swift; path = EpisodesViewModel.swift; sourceTree = "<group>"; };
		F014E60F25185C1B00CF362D /* EpisodesCell.swift */ = {isa = PBXFileReference; lastKnownFileType = sourcecode.swift; path = EpisodesCell.swift; sourceTree = "<group>"; };
		F014E61025185C1B00CF362D /* EpisodesCell.xib */ = {isa = PBXFileReference; lastKnownFileType = file.xib; path = EpisodesCell.xib; sourceTree = "<group>"; };
		F014E61325185C2800CF362D /* EpisodesCellViewModel.swift */ = {isa = PBXFileReference; lastKnownFileType = sourcecode.swift; path = EpisodesCellViewModel.swift; sourceTree = "<group>"; };
		F014E61525185C5300CF362D /* Podcast.swift */ = {isa = PBXFileReference; lastKnownFileType = sourcecode.swift; path = Podcast.swift; sourceTree = "<group>"; };
		F014E61725185C5F00CF362D /* Episode.swift */ = {isa = PBXFileReference; lastKnownFileType = sourcecode.swift; path = Episode.swift; sourceTree = "<group>"; };
		F014E61A25185C8100CF362D /* HorizontalCollectionViewLayout.swift */ = {isa = PBXFileReference; lastKnownFileType = sourcecode.swift; path = HorizontalCollectionViewLayout.swift; sourceTree = "<group>"; };
		F014E61C251861DA00CF362D /* Info.plist */ = {isa = PBXFileReference; fileEncoding = 4; lastKnownFileType = text.plist.xml; path = Info.plist; sourceTree = "<group>"; };
		F0208AAD2519DDF000C2C168 /* API.Search.swift */ = {isa = PBXFileReference; lastKnownFileType = sourcecode.swift; path = API.Search.swift; sourceTree = "<group>"; };
		F0208AAF2519E1F600C2C168 /* PodcastResult.swift */ = {isa = PBXFileReference; lastKnownFileType = sourcecode.swift; path = PodcastResult.swift; sourceTree = "<group>"; };
		F0208AB22519E46500C2C168 /* API.Episode.swift */ = {isa = PBXFileReference; lastKnownFileType = sourcecode.swift; path = API.Episode.swift; sourceTree = "<group>"; };
		F0208AB42519E47300C2C168 /* API.Featured.swift */ = {isa = PBXFileReference; lastKnownFileType = sourcecode.swift; path = API.Featured.swift; sourceTree = "<group>"; };
		F0208AB62519F31000C2C168 /* String.Ext.swift */ = {isa = PBXFileReference; lastKnownFileType = sourcecode.swift; path = String.Ext.swift; sourceTree = "<group>"; };
		F0208AB82519F34B00C2C168 /* RSSFeed.swift */ = {isa = PBXFileReference; lastKnownFileType = sourcecode.swift; path = RSSFeed.swift; sourceTree = "<group>"; };
		F0208ABF251A05B500C2C168 /* UIImageView.Ext.swift */ = {isa = PBXFileReference; lastKnownFileType = sourcecode.swift; path = UIImageView.Ext.swift; sourceTree = "<group>"; };
		F0BB1478251C9BBD00295E10 /* PlayerView.swift */ = {isa = PBXFileReference; lastKnownFileType = sourcecode.swift; path = PlayerView.swift; sourceTree = "<group>"; };
		F0BB147A251C9BFD00295E10 /* PlayerView.xib */ = {isa = PBXFileReference; lastKnownFileType = file.xib; path = PlayerView.xib; sourceTree = "<group>"; };
		F0BB147C251CA62600295E10 /* PlayerViewModel.swift */ = {isa = PBXFileReference; lastKnownFileType = sourcecode.swift; path = PlayerViewModel.swift; sourceTree = "<group>"; };
		F0BB147F251CA84600295E10 /* PlayerService.swift */ = {isa = PBXFileReference; lastKnownFileType = sourcecode.swift; path = PlayerService.swift; sourceTree = "<group>"; };
/* End PBXFileReference section */

/* Begin PBXFrameworksBuildPhase section */
		6ED44C97250A8145006DA53B /* Frameworks */ = {
			isa = PBXFrameworksBuildPhase;
			buildActionMask = 2147483647;
			files = (
				F394C983A276A0328ED4448A /* Pods_FinalProject.framework in Frameworks */,
			);
			runOnlyForDeploymentPostprocessing = 0;
		};
/* End PBXFrameworksBuildPhase section */

/* Begin PBXGroup section */
		6ED44C91250A8145006DA53B = {
			isa = PBXGroup;
			children = (
				6ED44C9C250A8145006DA53B /* FinalProject */,
				6ED44C9B250A8145006DA53B /* Products */,
				773014347F191272070004E1 /* Pods */,
				96D9AF471DFDE4BC6ED2066F /* Frameworks */,
			);
			sourceTree = "<group>";
		};
		6ED44C9B250A8145006DA53B /* Products */ = {
			isa = PBXGroup;
			children = (
				6ED44C9A250A8145006DA53B /* FinalProject.app */,
			);
			name = Products;
			sourceTree = "<group>";
		};
		6ED44C9C250A8145006DA53B /* FinalProject */ = {
			isa = PBXGroup;
			children = (
				6ED44CC5250A8357006DA53B /* Library */,
				6ED44CB7250A8304006DA53B /* Model */,
				6ED44CB4250A827E006DA53B /* Support */,
				6ED44CB2250A8237006DA53B /* Resource */,
				6ED44CB1250A81F9006DA53B /* View */,
			);
			path = FinalProject;
			sourceTree = "<group>";
		};
		6ED44CB1250A81F9006DA53B /* View */ = {
			isa = PBXGroup;
			children = (
				F014E61925185C6E00CF362D /* Layouts */,
				F014E5B52518588E00CF362D /* Controllers */,
				6ED44CB3250A8269006DA53B /* Base */,
				6ED44C9D250A8145006DA53B /* AppDelegate.swift */,
				6ED44C9F250A8145006DA53B /* SceneDelegate.swift */,
			);
			path = View;
			sourceTree = "<group>";
		};
		6ED44CB2250A8237006DA53B /* Resource */ = {
			isa = PBXGroup;
			children = (
				6ED44CA6250A8148006DA53B /* Assets.xcassets */,
			);
			path = Resource;
			sourceTree = "<group>";
		};
		6ED44CB3250A8269006DA53B /* Base */ = {
			isa = PBXGroup;
			children = (
				F014E5B32518587F00CF362D /* BaseTabBarController.swift */,
			);
			path = Base;
			sourceTree = "<group>";
		};
		6ED44CB4250A827E006DA53B /* Support */ = {
			isa = PBXGroup;
			children = (
				6ED44CE9250A8476006DA53B /* LaunchScreen.storyboard */,
				F014E61C251861DA00CF362D /* Info.plist */,
			);
			path = Support;
			sourceTree = "<group>";
		};
		6ED44CB7250A8304006DA53B /* Model */ = {
			isa = PBXGroup;
			children = (
				F0BB147E251CA82F00295E10 /* Services */,
				F0208AB12519E35B00C2C168 /* Schema */,
				6ED44CB8250A8320006DA53B /* API */,
			);
			path = Model;
			sourceTree = "<group>";
		};
		6ED44CB8250A8320006DA53B /* API */ = {
			isa = PBXGroup;
			children = (
				F0208AAC2519DDDC00C2C168 /* Core */,
				F0208AAD2519DDF000C2C168 /* API.Search.swift */,
				F0208AB22519E46500C2C168 /* API.Episode.swift */,
				F0208AB42519E47300C2C168 /* API.Featured.swift */,
			);
			path = API;
			sourceTree = "<group>";
		};
		6ED44CC5250A8357006DA53B /* Library */ = {
			isa = PBXGroup;
			children = (
				6ED44CC6250A8357006DA53B /* Ext */,
				F0208ABF251A05B500C2C168 /* UIImageView.Ext.swift */,
			);
			path = Library;
			sourceTree = "<group>";
		};
		6ED44CC6250A8357006DA53B /* Ext */ = {
			isa = PBXGroup;
			children = (
				6ED44CC7250A8357006DA53B /* UIGestureRecognizerExt.swift */,
				6ED44CC8250A8357006DA53B /* UITableViewExt.swift */,
				6ED44CC9250A8357006DA53B /* UINavigationItemExt.swift */,
				6ED44CCA250A8357006DA53B /* UIColorExt.swift */,
				6ED44CCB250A8357006DA53B /* StringExt.swift */,
				6ED44CCC250A8357006DA53B /* DictionaryExt.swift */,
				6ED44CCD250A8357006DA53B /* NSDataExt.swift */,
				6ED44CCE250A8357006DA53B /* UIViewExt.swift */,
				6ED44CCF250A8357006DA53B /* BundleExt.swift */,
				6ED44CD0250A8357006DA53B /* UICollectionViewExt.swift */,
				6ED44CD1250A8357006DA53B /* MapperExt.swift */,
				6ED44CD2250A8357006DA53B /* CollectionExt.swift */,
				6ED44CD3250A8357006DA53B /* UIScrollViewExt.swift */,
				6ED44CD4250A8357006DA53B /* UILabelExt.swift */,
				F0208AB62519F31000C2C168 /* String.Ext.swift */,
				F0208AB82519F34B00C2C168 /* RSSFeed.swift */,
			);
			path = Ext;
			sourceTree = "<group>";
		};
		773014347F191272070004E1 /* Pods */ = {
			isa = PBXGroup;
			children = (
				A6E513A51564968E3C0375F2 /* Pods-FinalProject.debug.xcconfig */,
				576798226742ABD93715BDF6 /* Pods-FinalProject.release.xcconfig */,
			);
			path = Pods;
			sourceTree = "<group>";
		};
		96D9AF471DFDE4BC6ED2066F /* Frameworks */ = {
			isa = PBXGroup;
			children = (
				BD3EFD8E62132522E716F26A /* Pods_FinalProject.framework */,
			);
			name = Frameworks;
			sourceTree = "<group>";
		};
		F014E5B52518588E00CF362D /* Controllers */ = {
			isa = PBXGroup;
			children = (
				F014E5BB251858E500CF362D /* Player Details */,
				F014E5BA251858DA00CF362D /* Episodes */,
				F014E5B9251858D200CF362D /* Download */,
				F014E5B8251858C700CF362D /* Favourites */,
				F014E5B7251858BF00CF362D /* Search */,
				F014E5B6251858B400CF362D /* Featured */,
			);
			path = Controllers;
			sourceTree = "<group>";
		};
		F014E5B6251858B400CF362D /* Featured */ = {
			isa = PBXGroup;
			children = (
				F014E5C22518593E00CF362D /* Cells */,
				F014E5BC2518591B00CF362D /* FeaturedController.swift */,
				F014E5BD2518591B00CF362D /* FeaturedController.xib */,
				F014E5C02518593100CF362D /* FeaturedViewModel.swift */,
			);
			path = Featured;
			sourceTree = "<group>";
		};
		F014E5B7251858BF00CF362D /* Search */ = {
			isa = PBXGroup;
			children = (
				F014E5E725185ABC00CF362D /* Cells */,
				F014E5E125185AAB00CF362D /* SearchController.swift */,
				F014E5E225185AAB00CF362D /* SearchController.xib */,
				F014E5E525185AB800CF362D /* SearchViewModel.swift */,
			);
			path = Search;
			sourceTree = "<group>";
		};
		F014E5B8251858C700CF362D /* Favourites */ = {
			isa = PBXGroup;
			children = (
				F014E5F425185B2500CF362D /* Cells */,
				F014E5EE25185B0D00CF362D /* FavouritesController.swift */,
				F014E5EF25185B0D00CF362D /* FavouritesController.xib */,
				F014E5F225185B1C00CF362D /* FavouritesViewModel.swift */,
			);
			path = Favourites;
			sourceTree = "<group>";
		};
		F014E5B9251858D200CF362D /* Download */ = {
			isa = PBXGroup;
			children = (
				F014E60125185B7D00CF362D /* Cells */,
				F014E5FB25185B6A00CF362D /* DownloadController.swift */,
				F014E5FC25185B6A00CF362D /* DownloadController.xib */,
				F014E5FF25185B7800CF362D /* DownloadViewModel.swift */,
			);
			path = Download;
			sourceTree = "<group>";
		};
		F014E5BA251858DA00CF362D /* Episodes */ = {
			isa = PBXGroup;
			children = (
				F014E60E25185C0700CF362D /* Cells */,
				F014E60825185BE100CF362D /* EpisodesController.swift */,
				F014E60925185BE100CF362D /* EpisodesController.xib */,
				F014E60C25185BED00CF362D /* EpisodesViewModel.swift */,
			);
			path = Episodes;
			sourceTree = "<group>";
		};
		F014E5BB251858E500CF362D /* Player Details */ = {
			isa = PBXGroup;
			children = (
				F0BB1478251C9BBD00295E10 /* PlayerView.swift */,
				F0BB147A251C9BFD00295E10 /* PlayerView.xib */,
				F0BB147C251CA62600295E10 /* PlayerViewModel.swift */,
			);
			path = "Player Details";
			sourceTree = "<group>";
		};
		F014E5C22518593E00CF362D /* Cells */ = {
			isa = PBXGroup;
			children = (
				F014E5C42518595500CF362D /* Collection Cell */,
				F014E5C32518594A00CF362D /* Table Cell */,
			);
			path = Cells;
			sourceTree = "<group>";
		};
		F014E5C32518594A00CF362D /* Table Cell */ = {
			isa = PBXGroup;
			children = (
				F014E5D425185A1700CF362D /* Header */,
				F014E5D325185A0F00CF362D /* Items */,
			);
			path = "Table Cell";
			sourceTree = "<group>";
		};
		F014E5C42518595500CF362D /* Collection Cell */ = {
			isa = PBXGroup;
			children = (
				F014E5C52518596800CF362D /* Header */,
				F014E5C62518597400CF362D /* Items */,
			);
			path = "Collection Cell";
			sourceTree = "<group>";
		};
		F014E5C52518596800CF362D /* Header */ = {
			isa = PBXGroup;
			children = (
				F014E5C7251859AB00CF362D /* HeaderCollectionCell.swift */,
				F014E5C8251859AB00CF362D /* HeaderCollectionCell.xib */,
				F014E5CB251859C500CF362D /* HeaderCollectionCellViewModel.swift */,
			);
			path = Header;
			sourceTree = "<group>";
		};
		F014E5C62518597400CF362D /* Items */ = {
			isa = PBXGroup;
			children = (
				F014E5CD251859E700CF362D /* ItemsCollectionCell.swift */,
				F014E5CE251859E700CF362D /* ItemsCollectionCell.xib */,
				F014E5D1251859F600CF362D /* ItemsCollectionCellViewModel.swift */,
			);
			path = Items;
			sourceTree = "<group>";
		};
		F014E5D325185A0F00CF362D /* Items */ = {
			isa = PBXGroup;
			children = (
				F014E5DB25185A6B00CF362D /* ItemsTableCell.swift */,
				F014E5DC25185A6B00CF362D /* ItemsTableCell.xib */,
				F014E5DF25185A7B00CF362D /* ItemsTableCellViewModel.swift */,
			);
			path = Items;
			sourceTree = "<group>";
		};
		F014E5D425185A1700CF362D /* Header */ = {
			isa = PBXGroup;
			children = (
				F014E5D525185A3100CF362D /* HeaderTableCell.swift */,
				F014E5D625185A3100CF362D /* HeaderTableCell.xib */,
				F014E5D925185A4400CF362D /* HeaderTableCellViewModel.swift */,
			);
			path = Header;
			sourceTree = "<group>";
		};
		F014E5E725185ABC00CF362D /* Cells */ = {
			isa = PBXGroup;
			children = (
				F014E5E825185AD000CF362D /* SearchCell.swift */,
				F014E5E925185AD000CF362D /* SearchCell.xib */,
				F014E5EC25185AE500CF362D /* SearchCellViewModel.swift */,
			);
			path = Cells;
			sourceTree = "<group>";
		};
		F014E5F425185B2500CF362D /* Cells */ = {
			isa = PBXGroup;
			children = (
				F014E5F525185B3B00CF362D /* FavouritesCell.swift */,
				F014E5F625185B3B00CF362D /* FavouritesCell.xib */,
				F014E5F925185B4900CF362D /* FavouritesCellViewModel.swift */,
			);
			path = Cells;
			sourceTree = "<group>";
		};
		F014E60125185B7D00CF362D /* Cells */ = {
			isa = PBXGroup;
			children = (
				F014E60225185BA200CF362D /* DownloadCell.swift */,
				F014E60325185BA200CF362D /* DownloadCell.xib */,
				F014E60625185BB800CF362D /* DownloadCellViewModel.swift */,
			);
			path = Cells;
			sourceTree = "<group>";
		};
		F014E60E25185C0700CF362D /* Cells */ = {
			isa = PBXGroup;
			children = (
				F014E60F25185C1B00CF362D /* EpisodesCell.swift */,
				F014E61025185C1B00CF362D /* EpisodesCell.xib */,
				F014E61325185C2800CF362D /* EpisodesCellViewModel.swift */,
			);
			path = Cells;
			sourceTree = "<group>";
		};
		F014E61925185C6E00CF362D /* Layouts */ = {
			isa = PBXGroup;
			children = (
				F014E61A25185C8100CF362D /* HorizontalCollectionViewLayout.swift */,
			);
			path = Layouts;
			sourceTree = "<group>";
		};
		F0208AAC2519DDDC00C2C168 /* Core */ = {
			isa = PBXGroup;
			children = (
				6ED44CB9250A8320006DA53B /* RequestSerializer.swift */,
				6ED44CBA250A8320006DA53B /* NSURL.swift */,
				6ED44CBB250A8320006DA53B /* Error.swift */,
				6ED44CBC250A8320006DA53B /* ApiManager.swift */,
				6ED44CBD250A8320006DA53B /* ResponseSerializer.swift */,
				6ED44CBE250A8320006DA53B /* Router.swift */,
			);
			path = Core;
			sourceTree = "<group>";
		};
		F0208AB12519E35B00C2C168 /* Schema */ = {
			isa = PBXGroup;
			children = (
				F014E61525185C5300CF362D /* Podcast.swift */,
				F014E61725185C5F00CF362D /* Episode.swift */,
				F0208AAF2519E1F600C2C168 /* PodcastResult.swift */,
			);
			path = Schema;
			sourceTree = "<group>";
		};
		F0BB147E251CA82F00295E10 /* Services */ = {
			isa = PBXGroup;
			children = (
				F0BB147F251CA84600295E10 /* PlayerService.swift */,
			);
			path = Services;
			sourceTree = "<group>";
		};
/* End PBXGroup section */

/* Begin PBXNativeTarget section */
		6ED44C99250A8145006DA53B /* FinalProject */ = {
			isa = PBXNativeTarget;
			buildConfigurationList = 6ED44CAE250A8148006DA53B /* Build configuration list for PBXNativeTarget "FinalProject" */;
			buildPhases = (
				3F194C3DDDB97122FDDA521C /* [CP] Check Pods Manifest.lock */,
				6ED44C96250A8145006DA53B /* Sources */,
				6ED44C97250A8145006DA53B /* Frameworks */,
				6ED44C98250A8145006DA53B /* Resources */,
				F014E62125186A3400CF362D /* Swift Lint */,
				C36ACCDB241AAC2B4F3EF9FB /* [CP] Embed Pods Frameworks */,
			);
			buildRules = (
			);
			dependencies = (
			);
			name = FinalProject;
			productName = FinalProject;
			productReference = 6ED44C9A250A8145006DA53B /* FinalProject.app */;
			productType = "com.apple.product-type.application";
		};
/* End PBXNativeTarget section */

/* Begin PBXProject section */
		6ED44C92250A8145006DA53B /* Project object */ = {
			isa = PBXProject;
			attributes = {
				LastSwiftUpdateCheck = 1150;
				LastUpgradeCheck = 1150;
				ORGANIZATIONNAME = MBA0176;
				TargetAttributes = {
					6ED44C99250A8145006DA53B = {
						CreatedOnToolsVersion = 11.5;
					};
				};
			};
			buildConfigurationList = 6ED44C95250A8145006DA53B /* Build configuration list for PBXProject "FinalProject" */;
			compatibilityVersion = "Xcode 9.3";
			developmentRegion = en;
			hasScannedForEncodings = 0;
			knownRegions = (
				en,
				Base,
			);
			mainGroup = 6ED44C91250A8145006DA53B;
			productRefGroup = 6ED44C9B250A8145006DA53B /* Products */;
			projectDirPath = "";
			projectRoot = "";
			targets = (
				6ED44C99250A8145006DA53B /* FinalProject */,
			);
		};
/* End PBXProject section */

/* Begin PBXResourcesBuildPhase section */
		6ED44C98250A8145006DA53B /* Resources */ = {
			isa = PBXResourcesBuildPhase;
			buildActionMask = 2147483647;
			files = (
				F0208AAB2519D93800C2C168 /* LaunchScreen.storyboard in Resources */,
				F014E5D825185A3100CF362D /* HeaderTableCell.xib in Resources */,
				6ED44CA7250A8148006DA53B /* Assets.xcassets in Resources */,
				F014E5CA251859AB00CF362D /* HeaderCollectionCell.xib in Resources */,
				F014E5DE25185A6B00CF362D /* ItemsTableCell.xib in Resources */,
				F014E5F825185B3B00CF362D /* FavouritesCell.xib in Resources */,
				F014E5D0251859E700CF362D /* ItemsCollectionCell.xib in Resources */,
				F0BB147B251C9BFD00295E10 /* PlayerView.xib in Resources */,
				F014E5EB25185AD000CF362D /* SearchCell.xib in Resources */,
				F014E5F125185B0D00CF362D /* FavouritesController.xib in Resources */,
				F014E5BF2518591B00CF362D /* FeaturedController.xib in Resources */,
				F014E5E425185AAB00CF362D /* SearchController.xib in Resources */,
				F014E5FE25185B6A00CF362D /* DownloadController.xib in Resources */,
				F014E60525185BA200CF362D /* DownloadCell.xib in Resources */,
				F014E61225185C1B00CF362D /* EpisodesCell.xib in Resources */,
				F014E60B25185BE100CF362D /* EpisodesController.xib in Resources */,
			);
			runOnlyForDeploymentPostprocessing = 0;
		};
/* End PBXResourcesBuildPhase section */

/* Begin PBXShellScriptBuildPhase section */
		3F194C3DDDB97122FDDA521C /* [CP] Check Pods Manifest.lock */ = {
			isa = PBXShellScriptBuildPhase;
			buildActionMask = 2147483647;
			files = (
			);
			inputFileListPaths = (
			);
			inputPaths = (
				"${PODS_PODFILE_DIR_PATH}/Podfile.lock",
				"${PODS_ROOT}/Manifest.lock",
			);
			name = "[CP] Check Pods Manifest.lock";
			outputFileListPaths = (
			);
			outputPaths = (
				"$(DERIVED_FILE_DIR)/Pods-FinalProject-checkManifestLockResult.txt",
			);
			runOnlyForDeploymentPostprocessing = 0;
			shellPath = /bin/sh;
			shellScript = "diff \"${PODS_PODFILE_DIR_PATH}/Podfile.lock\" \"${PODS_ROOT}/Manifest.lock\" > /dev/null\nif [ $? != 0 ] ; then\n    # print error to STDERR\n    echo \"error: The sandbox is not in sync with the Podfile.lock. Run 'pod install' or update your CocoaPods installation.\" >&2\n    exit 1\nfi\n# This output is used by Xcode 'outputs' to avoid re-running this script phase.\necho \"SUCCESS\" > \"${SCRIPT_OUTPUT_FILE_0}\"\n";
			showEnvVarsInLog = 0;
		};
		C36ACCDB241AAC2B4F3EF9FB /* [CP] Embed Pods Frameworks */ = {
			isa = PBXShellScriptBuildPhase;
			buildActionMask = 2147483647;
			files = (
			);
			inputFileListPaths = (
				"${PODS_ROOT}/Target Support Files/Pods-FinalProject/Pods-FinalProject-frameworks-${CONFIGURATION}-input-files.xcfilelist",
			);
			name = "[CP] Embed Pods Frameworks";
			outputFileListPaths = (
				"${PODS_ROOT}/Target Support Files/Pods-FinalProject/Pods-FinalProject-frameworks-${CONFIGURATION}-output-files.xcfilelist",
			);
			runOnlyForDeploymentPostprocessing = 0;
			shellPath = /bin/sh;
			shellScript = "\"${PODS_ROOT}/Target Support Files/Pods-FinalProject/Pods-FinalProject-frameworks.sh\"\n";
			showEnvVarsInLog = 0;
		};
		F014E62125186A3400CF362D /* Swift Lint */ = {
			isa = PBXShellScriptBuildPhase;
			buildActionMask = 2147483647;
			files = (
			);
			inputFileListPaths = (
			);
			inputPaths = (
			);
			name = "Swift Lint";
			outputFileListPaths = (
			);
			outputPaths = (
			);
			runOnlyForDeploymentPostprocessing = 0;
			shellPath = /bin/sh;
			shellScript = "\"${PODS_ROOT}/SwiftLint/swiftlint\"\n";
		};
/* End PBXShellScriptBuildPhase section */

/* Begin PBXSourcesBuildPhase section */
		6ED44C96250A8145006DA53B /* Sources */ = {
			isa = PBXSourcesBuildPhase;
			buildActionMask = 2147483647;
			files = (
				F014E5CC251859C500CF362D /* HeaderCollectionCellViewModel.swift in Sources */,
				F014E5E625185AB800CF362D /* SearchViewModel.swift in Sources */,
				F0208AB32519E46500C2C168 /* API.Episode.swift in Sources */,
				F0BB1479251C9BBD00295E10 /* PlayerView.swift in Sources */,
				6ED44CC0250A8320006DA53B /* NSURL.swift in Sources */,
				6ED44CD7250A8357006DA53B /* UINavigationItemExt.swift in Sources */,
				F014E61625185C5300CF362D /* Podcast.swift in Sources */,
				6ED44CDD250A8357006DA53B /* BundleExt.swift in Sources */,
				6ED44CBF250A8320006DA53B /* RequestSerializer.swift in Sources */,
				F0208AC0251A05B500C2C168 /* UIImageView.Ext.swift in Sources */,
				6ED44CE0250A8357006DA53B /* CollectionExt.swift in Sources */,
				F014E60025185B7800CF362D /* DownloadViewModel.swift in Sources */,
				F014E5CF251859E700CF362D /* ItemsCollectionCell.swift in Sources */,
				F014E5F325185B1C00CF362D /* FavouritesViewModel.swift in Sources */,
				F0208AB02519E1F600C2C168 /* PodcastResult.swift in Sources */,
				F014E60D25185BED00CF362D /* EpisodesViewModel.swift in Sources */,
				F014E5D725185A3100CF362D /* HeaderTableCell.swift in Sources */,
				F014E61825185C5F00CF362D /* Episode.swift in Sources */,
				F014E60A25185BE100CF362D /* EpisodesController.swift in Sources */,
				6ED44CE2250A8357006DA53B /* UILabelExt.swift in Sources */,
				6ED44CC2250A8320006DA53B /* ApiManager.swift in Sources */,
				F014E5B42518587F00CF362D /* BaseTabBarController.swift in Sources */,
				F014E5DA25185A4400CF362D /* HeaderTableCellViewModel.swift in Sources */,
				F0208AB52519E47300C2C168 /* API.Featured.swift in Sources */,
				F014E5EA25185AD000CF362D /* SearchCell.swift in Sources */,
				6ED44CDA250A8357006DA53B /* DictionaryExt.swift in Sources */,
				F014E60425185BA200CF362D /* DownloadCell.swift in Sources */,
				6ED44CDB250A8357006DA53B /* NSDataExt.swift in Sources */,
				F014E5C12518593100CF362D /* FeaturedViewModel.swift in Sources */,
				F014E60725185BB800CF362D /* DownloadCellViewModel.swift in Sources */,
				6ED44CE1250A8357006DA53B /* UIScrollViewExt.swift in Sources */,
				F014E5E025185A7B00CF362D /* ItemsTableCellViewModel.swift in Sources */,
				6ED44CD8250A8357006DA53B /* UIColorExt.swift in Sources */,
				F014E61425185C2800CF362D /* EpisodesCellViewModel.swift in Sources */,
				F014E5FD25185B6A00CF362D /* DownloadController.swift in Sources */,
				6ED44CC4250A8320006DA53B /* Router.swift in Sources */,
				6ED44CD6250A8357006DA53B /* UITableViewExt.swift in Sources */,
				F014E5D2251859F600CF362D /* ItemsCollectionCellViewModel.swift in Sources */,
				6ED44CC3250A8320006DA53B /* ResponseSerializer.swift in Sources */,
				F014E61B25185C8100CF362D /* HorizontalCollectionViewLayout.swift in Sources */,
				F014E5BE2518591B00CF362D /* FeaturedController.swift in Sources */,
				6ED44CDF250A8357006DA53B /* MapperExt.swift in Sources */,
				F0BB1480251CA84600295E10 /* PlayerService.swift in Sources */,
				6ED44CDE250A8357006DA53B /* UICollectionViewExt.swift in Sources */,
				F0208AAE2519DDF000C2C168 /* API.Search.swift in Sources */,
				F0BB147D251CA62600295E10 /* PlayerViewModel.swift in Sources */,
				F014E5F025185B0D00CF362D /* FavouritesController.swift in Sources */,
				6ED44C9E250A8145006DA53B /* AppDelegate.swift in Sources */,
				F014E5DD25185A6B00CF362D /* ItemsTableCell.swift in Sources */,
				F014E5F725185B3B00CF362D /* FavouritesCell.swift in Sources */,
				F014E5FA25185B4900CF362D /* FavouritesCellViewModel.swift in Sources */,
				F0208AB72519F31000C2C168 /* String.Ext.swift in Sources */,
				F014E5E325185AAB00CF362D /* SearchController.swift in Sources */,
				F014E5C9251859AB00CF362D /* HeaderCollectionCell.swift in Sources */,
				F014E61125185C1B00CF362D /* EpisodesCell.swift in Sources */,
				6ED44CD9250A8357006DA53B /* StringExt.swift in Sources */,
				F0208AB92519F34B00C2C168 /* RSSFeed.swift in Sources */,
				6ED44CDC250A8357006DA53B /* UIViewExt.swift in Sources */,
				6ED44CD5250A8357006DA53B /* UIGestureRecognizerExt.swift in Sources */,
				6ED44CC1250A8320006DA53B /* Error.swift in Sources */,
				6ED44CA0250A8145006DA53B /* SceneDelegate.swift in Sources */,
				F014E5ED25185AE500CF362D /* SearchCellViewModel.swift in Sources */,
			);
			runOnlyForDeploymentPostprocessing = 0;
		};
/* End PBXSourcesBuildPhase section */

/* Begin XCBuildConfiguration section */
		6ED44CAC250A8148006DA53B /* Debug */ = {
			isa = XCBuildConfiguration;
			buildSettings = {
				ALWAYS_SEARCH_USER_PATHS = NO;
				CLANG_ANALYZER_NONNULL = YES;
				CLANG_ANALYZER_NUMBER_OBJECT_CONVERSION = YES_AGGRESSIVE;
				CLANG_CXX_LANGUAGE_STANDARD = "gnu++14";
				CLANG_CXX_LIBRARY = "libc++";
				CLANG_ENABLE_MODULES = YES;
				CLANG_ENABLE_OBJC_ARC = YES;
				CLANG_ENABLE_OBJC_WEAK = YES;
				CLANG_WARN_BLOCK_CAPTURE_AUTORELEASING = YES;
				CLANG_WARN_BOOL_CONVERSION = YES;
				CLANG_WARN_COMMA = YES;
				CLANG_WARN_CONSTANT_CONVERSION = YES;
				CLANG_WARN_DEPRECATED_OBJC_IMPLEMENTATIONS = YES;
				CLANG_WARN_DIRECT_OBJC_ISA_USAGE = YES_ERROR;
				CLANG_WARN_DOCUMENTATION_COMMENTS = YES;
				CLANG_WARN_EMPTY_BODY = YES;
				CLANG_WARN_ENUM_CONVERSION = YES;
				CLANG_WARN_INFINITE_RECURSION = YES;
				CLANG_WARN_INT_CONVERSION = YES;
				CLANG_WARN_NON_LITERAL_NULL_CONVERSION = YES;
				CLANG_WARN_OBJC_IMPLICIT_RETAIN_SELF = YES;
				CLANG_WARN_OBJC_LITERAL_CONVERSION = YES;
				CLANG_WARN_OBJC_ROOT_CLASS = YES_ERROR;
				CLANG_WARN_RANGE_LOOP_ANALYSIS = YES;
				CLANG_WARN_STRICT_PROTOTYPES = YES;
				CLANG_WARN_SUSPICIOUS_MOVE = YES;
				CLANG_WARN_UNGUARDED_AVAILABILITY = YES_AGGRESSIVE;
				CLANG_WARN_UNREACHABLE_CODE = YES;
				CLANG_WARN__DUPLICATE_METHOD_MATCH = YES;
				COPY_PHASE_STRIP = NO;
				DEBUG_INFORMATION_FORMAT = dwarf;
				ENABLE_STRICT_OBJC_MSGSEND = YES;
				ENABLE_TESTABILITY = YES;
				GCC_C_LANGUAGE_STANDARD = gnu11;
				GCC_DYNAMIC_NO_PIC = NO;
				GCC_NO_COMMON_BLOCKS = YES;
				GCC_OPTIMIZATION_LEVEL = 0;
				GCC_PREPROCESSOR_DEFINITIONS = (
					"DEBUG=1",
					"$(inherited)",
				);
				GCC_WARN_64_TO_32_BIT_CONVERSION = YES;
				GCC_WARN_ABOUT_RETURN_TYPE = YES_ERROR;
				GCC_WARN_UNDECLARED_SELECTOR = YES;
				GCC_WARN_UNINITIALIZED_AUTOS = YES_AGGRESSIVE;
				GCC_WARN_UNUSED_FUNCTION = YES;
				GCC_WARN_UNUSED_VARIABLE = YES;
				IPHONEOS_DEPLOYMENT_TARGET = 13.0;
				MTL_ENABLE_DEBUG_INFO = INCLUDE_SOURCE;
				MTL_FAST_MATH = YES;
				ONLY_ACTIVE_ARCH = YES;
				SDKROOT = iphoneos;
				SWIFT_ACTIVE_COMPILATION_CONDITIONS = DEBUG;
				SWIFT_OPTIMIZATION_LEVEL = "-Onone";
			};
			name = Debug;
		};
		6ED44CAD250A8148006DA53B /* Release */ = {
			isa = XCBuildConfiguration;
			buildSettings = {
				ALWAYS_SEARCH_USER_PATHS = NO;
				CLANG_ANALYZER_NONNULL = YES;
				CLANG_ANALYZER_NUMBER_OBJECT_CONVERSION = YES_AGGRESSIVE;
				CLANG_CXX_LANGUAGE_STANDARD = "gnu++14";
				CLANG_CXX_LIBRARY = "libc++";
				CLANG_ENABLE_MODULES = YES;
				CLANG_ENABLE_OBJC_ARC = YES;
				CLANG_ENABLE_OBJC_WEAK = YES;
				CLANG_WARN_BLOCK_CAPTURE_AUTORELEASING = YES;
				CLANG_WARN_BOOL_CONVERSION = YES;
				CLANG_WARN_COMMA = YES;
				CLANG_WARN_CONSTANT_CONVERSION = YES;
				CLANG_WARN_DEPRECATED_OBJC_IMPLEMENTATIONS = YES;
				CLANG_WARN_DIRECT_OBJC_ISA_USAGE = YES_ERROR;
				CLANG_WARN_DOCUMENTATION_COMMENTS = YES;
				CLANG_WARN_EMPTY_BODY = YES;
				CLANG_WARN_ENUM_CONVERSION = YES;
				CLANG_WARN_INFINITE_RECURSION = YES;
				CLANG_WARN_INT_CONVERSION = YES;
				CLANG_WARN_NON_LITERAL_NULL_CONVERSION = YES;
				CLANG_WARN_OBJC_IMPLICIT_RETAIN_SELF = YES;
				CLANG_WARN_OBJC_LITERAL_CONVERSION = YES;
				CLANG_WARN_OBJC_ROOT_CLASS = YES_ERROR;
				CLANG_WARN_RANGE_LOOP_ANALYSIS = YES;
				CLANG_WARN_STRICT_PROTOTYPES = YES;
				CLANG_WARN_SUSPICIOUS_MOVE = YES;
				CLANG_WARN_UNGUARDED_AVAILABILITY = YES_AGGRESSIVE;
				CLANG_WARN_UNREACHABLE_CODE = YES;
				CLANG_WARN__DUPLICATE_METHOD_MATCH = YES;
				COPY_PHASE_STRIP = NO;
				DEBUG_INFORMATION_FORMAT = "dwarf-with-dsym";
				ENABLE_NS_ASSERTIONS = NO;
				ENABLE_STRICT_OBJC_MSGSEND = YES;
				GCC_C_LANGUAGE_STANDARD = gnu11;
				GCC_NO_COMMON_BLOCKS = YES;
				GCC_WARN_64_TO_32_BIT_CONVERSION = YES;
				GCC_WARN_ABOUT_RETURN_TYPE = YES_ERROR;
				GCC_WARN_UNDECLARED_SELECTOR = YES;
				GCC_WARN_UNINITIALIZED_AUTOS = YES_AGGRESSIVE;
				GCC_WARN_UNUSED_FUNCTION = YES;
				GCC_WARN_UNUSED_VARIABLE = YES;
				IPHONEOS_DEPLOYMENT_TARGET = 13.0;
				MTL_ENABLE_DEBUG_INFO = NO;
				MTL_FAST_MATH = YES;
				SDKROOT = iphoneos;
				SWIFT_COMPILATION_MODE = wholemodule;
				SWIFT_OPTIMIZATION_LEVEL = "-O";
				VALIDATE_PRODUCT = YES;
			};
			name = Release;
		};
		6ED44CAF250A8148006DA53B /* Debug */ = {
			isa = XCBuildConfiguration;
			baseConfigurationReference = A6E513A51564968E3C0375F2 /* Pods-FinalProject.debug.xcconfig */;
			buildSettings = {
				ASSETCATALOG_COMPILER_APPICON_NAME = AppIcon;
				CODE_SIGN_STYLE = Automatic;
				CURRENT_PROJECT_VERSION = 1;
				INFOPLIST_FILE = FinalProject/Support/Info.plist;
				LD_RUNPATH_SEARCH_PATHS = (
					"$(inherited)",
					"@executable_path/Frameworks",
				);
				MARKETING_VERSION = 1.0;
				PRODUCT_BUNDLE_IDENTIFIER = com.Test.FinalProject;
				PRODUCT_NAME = "$(TARGET_NAME)";
				SWIFT_VERSION = 5.0;
				TARGETED_DEVICE_FAMILY = "1,2";
			};
			name = Debug;
		};
		6ED44CB0250A8148006DA53B /* Release */ = {
			isa = XCBuildConfiguration;
			baseConfigurationReference = 576798226742ABD93715BDF6 /* Pods-FinalProject.release.xcconfig */;
			buildSettings = {
				ASSETCATALOG_COMPILER_APPICON_NAME = AppIcon;
				CODE_SIGN_STYLE = Automatic;
				CURRENT_PROJECT_VERSION = 1;
				INFOPLIST_FILE = FinalProject/Support/Info.plist;
				LD_RUNPATH_SEARCH_PATHS = (
					"$(inherited)",
					"@executable_path/Frameworks",
				);
				MARKETING_VERSION = 1.0;
				PRODUCT_BUNDLE_IDENTIFIER = com.Test.FinalProject;
				PRODUCT_NAME = "$(TARGET_NAME)";
				SWIFT_VERSION = 5.0;
				TARGETED_DEVICE_FAMILY = "1,2";
			};
			name = Release;
		};
/* End XCBuildConfiguration section */

/* Begin XCConfigurationList section */
		6ED44C95250A8145006DA53B /* Build configuration list for PBXProject "FinalProject" */ = {
			isa = XCConfigurationList;
			buildConfigurations = (
				6ED44CAC250A8148006DA53B /* Debug */,
				6ED44CAD250A8148006DA53B /* Release */,
			);
			defaultConfigurationIsVisible = 0;
			defaultConfigurationName = Release;
		};
		6ED44CAE250A8148006DA53B /* Build configuration list for PBXNativeTarget "FinalProject" */ = {
			isa = XCConfigurationList;
			buildConfigurations = (
				6ED44CAF250A8148006DA53B /* Debug */,
				6ED44CB0250A8148006DA53B /* Release */,
			);
			defaultConfigurationIsVisible = 0;
			defaultConfigurationName = Release;
		};
/* End XCConfigurationList section */
	};
	rootObject = 6ED44C92250A8145006DA53B /* Project object */;
}
